PODS:
  - ChaosAnimation (1.0.0):
    - ChaosGraphics
  - ChaosCore (1.0.0):
    - PromisesSwift (~> 1.2.8)
  - ChaosGraphics (1.0.0)
  - ChaosKit (1.0.0):
    - ChaosCore
    - ChaosNet
    - ChaosUi
  - ChaosMath (1.0.0):
    - ChaosCore
  - ChaosMetal (1.0.0)
  - ChaosNet (1.0.0):
    - ChaosCore
    - Hippolyte (~> 1.2.0)
  - ChaosSwiftUI (1.0.0):
    - ChaosCore
    - ChaosGraphics
  - ChaosThree (1.0.0):
    - ChaosMath
  - ChaosUi (1.0.0):
    - ChaosAnimation
    - ChaosCore
    - ChaosGraphics
  - Hippolyte (1.2.3)
  - PromisesObjC (1.2.11)
  - PromisesSwift (1.2.11):
    - PromisesObjC (= 1.2.11)

DEPENDENCIES:
  - ChaosAnimation (from `../`)
  - ChaosCore (from `../`)
  - ChaosGraphics (from `../`)
  - ChaosKit (from `../`)
  - ChaosMath (from `../`)
  - ChaosMetal (from `../`)
  - ChaosNet (from `../`)
  - ChaosSwiftUI (from `../`)
  - ChaosThree (from `../`)
  - ChaosUi (from `../`)

SPEC REPOS:
  trunk:
    - Hippolyte
    - PromisesObjC
    - PromisesSwift

EXTERNAL SOURCES:
  ChaosAnimation:
    :path: "../"
  ChaosCore:
    :path: "../"
  ChaosGraphics:
    :path: "../"
  ChaosKit:
    :path: "../"
  ChaosMath:
    :path: "../"
  ChaosMetal:
    :path: "../"
  ChaosNet:
    :path: "../"
  ChaosSwiftUI:
    :path: "../"
  ChaosThree:
    :path: "../"
  ChaosUi:
    :path: "../"

SPEC CHECKSUMS:
  ChaosAnimation: fed665ba8268b7ed280cab60ad50683a095ecedf
  ChaosCore: b699129a105d6cd22be6b2de2d1d66ccb77740d8
  ChaosGraphics: 5ec102aa4989ee7b3c2df6c358dffc8526560fc4
  ChaosKit: 749d5801cd4bb14e388e2ad80d95af3150fa9e49
  ChaosMath: b3788561b86debbd140eef1710c387c44b1285dd
  ChaosMetal: 21243d96bf48315e688d166223272feca2f22a7f
  ChaosNet: c35935c0e4e57313f8b373515948b254f8de6385
  ChaosSwiftUI: 9bc91935b9c7174faefb328dbaa62f3e03ad8afe
  ChaosThree: 1003105243b377db93d292dfcddcd2b40063be3c
  ChaosUi: c3f7f95b3fd91e21448b183a44744ecddd358db2
  Hippolyte: 0ee31559319c51c293c1fe47c9ea21f659be11cd
  PromisesObjC: 8c196f5a328c2cba3e74624585467a557dcb482f
  PromisesSwift: fed4eb6f7a29846a22624d1b86b77e1dedb88724

PODFILE CHECKSUM: 47fcbf292313a58e5c5fa3c6b577fb906c5b8fac

COCOAPODS: 1.10.1
