PODS:
  - ChaosAnimation (1.0.0):
    - ChaosGraphics
  - ChaosCore (1.0.0):
    - PromisesSwift (~> 1.2.8)
  - ChaosGraphics (1.0.0)
  - ChaosKit (1.0.0):
    - ChaosCore
    - ChaosNet
    - ChaosUi
  - ChaosMath (1.0.0):
    - ChaosCore
  - ChaosNet (1.0.0):
    - ChaosCore
    - Hippolyte (~> 1.2.0)
  - ChaosUi (1.0.0):
    - ChaosAnimation
    - ChaosCore
    - ChaosGraphics
  - Hippolyte (1.2.3)
  - PromisesObjC (1.2.11)
  - PromisesSwift (1.2.11):
    - PromisesObjC (= 1.2.11)
  - SwiftLint (0.41.0)

DEPENDENCIES:
  - ChaosAnimation (from `../`)
  - ChaosCore (from `../`)
  - ChaosGraphics (from `../`)
  - ChaosKit (from `../`)
  - ChaosMath (from `../`)
  - ChaosNet (from `../`)
  - ChaosUi (from `../`)
  - Hippolyte
  - SwiftLint

SPEC REPOS:
  trunk:
    - Hippolyte
    - PromisesObjC
    - PromisesSwift
    - SwiftLint

EXTERNAL SOURCES:
  ChaosAnimation:
    :path: "../"
  ChaosCore:
    :path: "../"
  ChaosGraphics:
    :path: "../"
  ChaosKit:
    :path: "../"
  ChaosMath:
    :path: "../"
  ChaosNet:
    :path: "../"
  ChaosUi:
    :path: "../"

SPEC CHECKSUMS:
  ChaosAnimation: d63d96391c3676ed9afc9f721ae537732ec62d47
  ChaosCore: a65521871b362e539a95d22416e10740955e8d0f
  ChaosGraphics: aaaa5b393d11f8ac30b54991fbc4db80a6373be9
  ChaosKit: c41a0f4653596934e90f5a42cc3b03532c584741
  ChaosMath: e00d52d6dbdbc97537abe936dc7b004a725e7c4b
  ChaosNet: 6147fad9ef0c1e88901637a3b83346dc0d227c48
  ChaosUi: 5d985b3c9be74cef3a0ceb64a3193d98ec331fec
  Hippolyte: 0ee31559319c51c293c1fe47c9ea21f659be11cd
  PromisesObjC: 8c196f5a328c2cba3e74624585467a557dcb482f
  PromisesSwift: fed4eb6f7a29846a22624d1b86b77e1dedb88724
  SwiftLint: c585ebd615d9520d7fbdbe151f527977b0534f1e

PODFILE CHECKSUM: 4a89a91441a3602cbfabcba8f45dd96d31f52854

COCOAPODS: 1.10.1
