PODS:
  - ChaosCore (1.0.0):
    - PromisesSwift (~> 1.2.8)
  - ChaosKit (1.0.0):
    - ChaosCore (~> 1.0.0)
    - ChaosNet (~> 1.0.0)
    - ChaosUi (~> 1.0.0)
  - ChaosNet (1.0.0):
    - ChaosCore (~> 1.0.0)
  - ChaosUi (1.0.0):
    - ChaosCore (~> 1.0.0)
  - PromisesObjC (1.2.10)
  - PromisesSwift (1.2.10):
    - PromisesObjC (= 1.2.10)
  - SwiftLint (0.40.2)

DEPENDENCIES:
  - ChaosCore (from `../`)
  - ChaosKit (from `../`)
  - ChaosNet (from `../`)
  - ChaosUi (from `../`)
  - SwiftLint

SPEC REPOS:
  trunk:
    - PromisesObjC
    - PromisesSwift
    - SwiftLint

EXTERNAL SOURCES:
  ChaosCore:
    :path: "../"
  ChaosKit:
    :path: "../"
  ChaosNet:
    :path: "../"
  ChaosUi:
    :path: "../"

SPEC CHECKSUMS:
  ChaosCore: fd0b69edb30521a377c55dc416062d46ca57fb3a
  ChaosKit: 3da0bbadf202a41a8ddde7c329c7ce95be4a575c
  ChaosNet: d281fb9090a7d517d0d5a9c42639ecd7108fb276
  ChaosUi: 2cea6844422af88bf2833153d7bc9b79f1784c30
  PromisesObjC: b14b1c6b68e306650688599de8a45e49fae81151
  PromisesSwift: ce4c7602f91a6bfc8732039f1bc1a3fcded1a302
  SwiftLint: 1216c910d27c2633ade33b4f071bb6b930982e62

PODFILE CHECKSUM: fa22e4b34041e34e481ac7a7ddb435462a9d4881

COCOAPODS: 1.9.1
