// !$*UTF8*$!
{
	archiveVersion = 1;
	classes = {
	};
	objectVersion = 46;
	objects = {

/* Begin PBXBuildFile section */
		0D22727F271064C400FEED1A /* ChaosSwiftUIExampleApp.swift in Sources */ = {isa = PBXBuildFile; fileRef = 0D22727E271064C400FEED1A /* ChaosSwiftUIExampleApp.swift */; };
		0D227281271064C400FEED1A /* MainView.swift in Sources */ = {isa = PBXBuildFile; fileRef = 0D227280271064C400FEED1A /* MainView.swift */; };
		0D227283271064C600FEED1A /* Assets.xcassets in Resources */ = {isa = PBXBuildFile; fileRef = 0D227282271064C600FEED1A /* Assets.xcassets */; };
		0D227286271064C600FEED1A /* Preview Assets.xcassets in Resources */ = {isa = PBXBuildFile; fileRef = 0D227285271064C600FEED1A /* Preview Assets.xcassets */; };
		0D22728F2710661000FEED1A /* PieChartViewExample.swift in Sources */ = {isa = PBXBuildFile; fileRef = 0D22728E2710661000FEED1A /* PieChartViewExample.swift */; };
		0D22729327107E5700FEED1A /* MoleculeRootView.swift in Sources */ = {isa = PBXBuildFile; fileRef = 0D22729227107E5700FEED1A /* MoleculeRootView.swift */; };
		0D227295271080DB00FEED1A /* ViewExample.swift in Sources */ = {isa = PBXBuildFile; fileRef = 0D227294271080DB00FEED1A /* ViewExample.swift */; };
		9BEFB677253AEC3593D12A83 /* Pods_ChaosSwiftUIExample.framework in Frameworks */ = {isa = PBXBuildFile; fileRef = 4261401030CED23B33512483 /* Pods_ChaosSwiftUIExample.framework */; };
/* End PBXBuildFile section */

/* Begin PBXFileReference section */
		0D22727C271064C400FEED1A /* ChaosSwiftUIExample.app */ = {isa = PBXFileReference; explicitFileType = wrapper.application; includeInIndex = 0; path = ChaosSwiftUIExample.app; sourceTree = BUILT_PRODUCTS_DIR; };
		0D22727E271064C400FEED1A /* ChaosSwiftUIExampleApp.swift */ = {isa = PBXFileReference; lastKnownFileType = sourcecode.swift; path = ChaosSwiftUIExampleApp.swift; sourceTree = "<group>"; };
		0D227280271064C400FEED1A /* MainView.swift */ = {isa = PBXFileReference; lastKnownFileType = sourcecode.swift; path = MainView.swift; sourceTree = "<group>"; };
		0D227282271064C600FEED1A /* Assets.xcassets */ = {isa = PBXFileReference; lastKnownFileType = folder.assetcatalog; path = Assets.xcassets; sourceTree = "<group>"; };
		0D227285271064C600FEED1A /* Preview Assets.xcassets */ = {isa = PBXFileReference; lastKnownFileType = folder.assetcatalog; path = "Preview Assets.xcassets"; sourceTree = "<group>"; };
		0D227287271064C600FEED1A /* Info.plist */ = {isa = PBXFileReference; lastKnownFileType = text.plist.xml; path = Info.plist; sourceTree = "<group>"; };
		0D22728E2710661000FEED1A /* PieChartViewExample.swift */ = {isa = PBXFileReference; lastKnownFileType = sourcecode.swift; path = PieChartViewExample.swift; sourceTree = "<group>"; };
		0D22729227107E5700FEED1A /* MoleculeRootView.swift */ = {isa = PBXFileReference; lastKnownFileType = sourcecode.swift; path = MoleculeRootView.swift; sourceTree = "<group>"; };
		0D227294271080DB00FEED1A /* ViewExample.swift */ = {isa = PBXFileReference; lastKnownFileType = sourcecode.swift; path = ViewExample.swift; sourceTree = "<group>"; };
		12175E6805309BD4FA36768A /* Pods-Chaos_Example.debug.xcconfig */ = {isa = PBXFileReference; includeInIndex = 1; lastKnownFileType = text.xcconfig; name = "Pods-Chaos_Example.debug.xcconfig"; path = "Target Support Files/Pods-Chaos_Example/Pods-Chaos_Example.debug.xcconfig"; sourceTree = "<group>"; };
		1C460315E3D0C22CFAE7C975 /* Pods-Chaos_Example-Chaos_Tests.debug.xcconfig */ = {isa = PBXFileReference; includeInIndex = 1; lastKnownFileType = text.xcconfig; name = "Pods-Chaos_Example-Chaos_Tests.debug.xcconfig"; path = "Target Support Files/Pods-Chaos_Example-Chaos_Tests/Pods-Chaos_Example-Chaos_Tests.debug.xcconfig"; sourceTree = "<group>"; };
		25CD25A9F670CAC3CDF4111B /* Pods-ChaosThree-Chaos_Tests.debug.xcconfig */ = {isa = PBXFileReference; includeInIndex = 1; lastKnownFileType = text.xcconfig; name = "Pods-ChaosThree-Chaos_Tests.debug.xcconfig"; path = "Target Support Files/Pods-ChaosThree-Chaos_Tests/Pods-ChaosThree-Chaos_Tests.debug.xcconfig"; sourceTree = "<group>"; };
		4261401030CED23B33512483 /* Pods_ChaosSwiftUIExample.framework */ = {isa = PBXFileReference; explicitFileType = wrapper.framework; includeInIndex = 0; path = Pods_ChaosSwiftUIExample.framework; sourceTree = BUILT_PRODUCTS_DIR; };
		5047144D23B39F8791F0EBB0 /* Pods_Chaos_Example.framework */ = {isa = PBXFileReference; explicitFileType = wrapper.framework; includeInIndex = 0; path = Pods_Chaos_Example.framework; sourceTree = BUILT_PRODUCTS_DIR; };
		607FACEA1AFB9204008FA782 /* Info.plist */ = {isa = PBXFileReference; lastKnownFileType = text.plist.xml; path = Info.plist; sourceTree = "<group>"; };
		635FFEFC7FF3FAA4E9310293 /* Chaos.podspec */ = {isa = PBXFileReference; includeInIndex = 1; lastKnownFileType = text; name = Chaos.podspec; path = ../Chaos.podspec; sourceTree = "<group>"; };
		6814D9BF262C2C47004BBBD1 /* DynamicVectorTests.swift */ = {isa = PBXFileReference; lastKnownFileType = sourcecode.swift; path = DynamicVectorTests.swift; sourceTree = "<group>"; };
		68214819255D8DE500501FD3 /* MimeTypeTests.swift */ = {isa = PBXFileReference; lastKnownFileType = sourcecode.swift; path = MimeTypeTests.swift; sourceTree = "<group>"; };
		6826964225CD9A8900334E62 /* ChaosCore.framework */ = {isa = PBXFileReference; explicitFileType = wrapper.framework; path = ChaosCore.framework; sourceTree = BUILT_PRODUCTS_DIR; };
		683A0B702541EAB400705836 /* PlistTest.swift */ = {isa = PBXFileReference; fileEncoding = 4; lastKnownFileType = sourcecode.swift; path = PlistTest.swift; sourceTree = "<group>"; };
		683C581B2541D94B004CEA07 /* single-environment.plist */ = {isa = PBXFileReference; lastKnownFileType = text.plist.xml; path = "single-environment.plist"; sourceTree = "<group>"; };
		683C58302541DABF004CEA07 /* missing-fields.plist */ = {isa = PBXFileReference; lastKnownFileType = text.plist.xml; path = "missing-fields.plist"; sourceTree = "<group>"; };
		683C583E2541DB8D004CEA07 /* multiple-environments.plist */ = {isa = PBXFileReference; lastKnownFileType = text.plist.xml; path = "multiple-environments.plist"; sourceTree = "<group>"; };
		684ECDD9253E02CE00DA04D5 /* UITimelineViewTest.swift */ = {isa = PBXFileReference; lastKnownFileType = sourcecode.swift; path = UITimelineViewTest.swift; sourceTree = "<group>"; };
		684ECDE2253E031000DA04D5 /* EnvironmentManagerTest.swift */ = {isa = PBXFileReference; lastKnownFileType = sourcecode.swift; path = EnvironmentManagerTest.swift; sourceTree = "<group>"; };
		68B1671425CBFB4700F9AF02 /* TaskRunnerTests.swift */ = {isa = PBXFileReference; fileEncoding = 4; lastKnownFileType = sourcecode.swift; path = TaskRunnerTests.swift; sourceTree = "<group>"; };
		68B1671625CBFB4700F9AF02 /* String.swift */ = {isa = PBXFileReference; fileEncoding = 4; lastKnownFileType = sourcecode.swift; path = String.swift; sourceTree = "<group>"; };
		68B1671825CBFB4700F9AF02 /* DependencyResolverTests.swift */ = {isa = PBXFileReference; fileEncoding = 4; lastKnownFileType = sourcecode.swift; path = DependencyResolverTests.swift; sourceTree = "<group>"; };
		68B982EB258BD1F700C583E2 /* Chaos.framework */ = {isa = PBXFileReference; explicitFileType = wrapper.framework; path = Chaos.framework; sourceTree = BUILT_PRODUCTS_DIR; };
		68BCA4B6262C800C0039C6CE /* File.swift */ = {isa = PBXFileReference; lastKnownFileType = sourcecode.swift; path = File.swift; sourceTree = "<group>"; };
		68C41DE526242CB80054CDC4 /* Vec4Tests.swift */ = {isa = PBXFileReference; lastKnownFileType = sourcecode.swift; path = Vec4Tests.swift; sourceTree = "<group>"; };
		68FBBEC8262890C700032A5E /* Point2Tests.swift */ = {isa = PBXFileReference; lastKnownFileType = sourcecode.swift; path = Point2Tests.swift; sourceTree = "<group>"; };
		68FBBECE2628943300032A5E /* Point3Tests.swift */ = {isa = PBXFileReference; lastKnownFileType = sourcecode.swift; path = Point3Tests.swift; sourceTree = "<group>"; };
		68FBBED22628949400032A5E /* Point4Tests.swift */ = {isa = PBXFileReference; lastKnownFileType = sourcecode.swift; path = Point4Tests.swift; sourceTree = "<group>"; };
		68FBBED62628956500032A5E /* Vec3Tests.swift */ = {isa = PBXFileReference; lastKnownFileType = sourcecode.swift; path = Vec3Tests.swift; sourceTree = "<group>"; };
		68FBBEDA2628960100032A5E /* Vec2Tests.swift */ = {isa = PBXFileReference; lastKnownFileType = sourcecode.swift; path = Vec2Tests.swift; sourceTree = "<group>"; };
		7369872F663BF3D08AB5E38B /* Pods_ChaosThree.framework */ = {isa = PBXFileReference; explicitFileType = wrapper.framework; includeInIndex = 0; path = Pods_ChaosThree.framework; sourceTree = BUILT_PRODUCTS_DIR; };
		AB9773F2C4AD28E3D06E4957 /* Pods-ChaosSwiftUIExample.release.xcconfig */ = {isa = PBXFileReference; includeInIndex = 1; lastKnownFileType = text.xcconfig; name = "Pods-ChaosSwiftUIExample.release.xcconfig"; path = "Target Support Files/Pods-ChaosSwiftUIExample/Pods-ChaosSwiftUIExample.release.xcconfig"; sourceTree = "<group>"; };
		BF0D065EF2A306A478A15C51 /* Pods-ChaosThree-Chaos_Tests.release.xcconfig */ = {isa = PBXFileReference; includeInIndex = 1; lastKnownFileType = text.xcconfig; name = "Pods-ChaosThree-Chaos_Tests.release.xcconfig"; path = "Target Support Files/Pods-ChaosThree-Chaos_Tests/Pods-ChaosThree-Chaos_Tests.release.xcconfig"; sourceTree = "<group>"; };
		D2000F52D412E1AC9BD2FFDF /* Pods-ChaosSwiftUIExample.debug.xcconfig */ = {isa = PBXFileReference; includeInIndex = 1; lastKnownFileType = text.xcconfig; name = "Pods-ChaosSwiftUIExample.debug.xcconfig"; path = "Target Support Files/Pods-ChaosSwiftUIExample/Pods-ChaosSwiftUIExample.debug.xcconfig"; sourceTree = "<group>"; };
		E84B7DE021A147BC801FF97A /* Pods-Chaos_Example.release.xcconfig */ = {isa = PBXFileReference; includeInIndex = 1; lastKnownFileType = text.xcconfig; name = "Pods-Chaos_Example.release.xcconfig"; path = "Target Support Files/Pods-Chaos_Example/Pods-Chaos_Example.release.xcconfig"; sourceTree = "<group>"; };
		EBD62E7CDFAD6219C1026CFE /* Pods-Chaos_Example-Chaos_Tests.release.xcconfig */ = {isa = PBXFileReference; includeInIndex = 1; lastKnownFileType = text.xcconfig; name = "Pods-Chaos_Example-Chaos_Tests.release.xcconfig"; path = "Target Support Files/Pods-Chaos_Example-Chaos_Tests/Pods-Chaos_Example-Chaos_Tests.release.xcconfig"; sourceTree = "<group>"; };
		EC2F7F132E46CC5DC45E42D6 /* Pods-ChaosThree.release.xcconfig */ = {isa = PBXFileReference; includeInIndex = 1; lastKnownFileType = text.xcconfig; name = "Pods-ChaosThree.release.xcconfig"; path = "Target Support Files/Pods-ChaosThree/Pods-ChaosThree.release.xcconfig"; sourceTree = "<group>"; };
		EDB66383669C3CD0A0BFA469 /* Pods-ChaosThree.debug.xcconfig */ = {isa = PBXFileReference; includeInIndex = 1; lastKnownFileType = text.xcconfig; name = "Pods-ChaosThree.debug.xcconfig"; path = "Target Support Files/Pods-ChaosThree/Pods-ChaosThree.debug.xcconfig"; sourceTree = "<group>"; };
		F4BBFE02143DA114020C760A /* LICENSE */ = {isa = PBXFileReference; includeInIndex = 1; lastKnownFileType = text; name = LICENSE; path = ../LICENSE; sourceTree = "<group>"; };
		FB57655C510035BF19A2AAEA /* Pods_ChaosThree_Chaos_Tests.framework */ = {isa = PBXFileReference; explicitFileType = wrapper.framework; includeInIndex = 0; path = Pods_ChaosThree_Chaos_Tests.framework; sourceTree = BUILT_PRODUCTS_DIR; };
/* End PBXFileReference section */

/* Begin PBXFrameworksBuildPhase section */
		0D227279271064C400FEED1A /* Frameworks */ = {
			isa = PBXFrameworksBuildPhase;
			buildActionMask = 2147483647;
			files = (
				9BEFB677253AEC3593D12A83 /* Pods_ChaosSwiftUIExample.framework in Frameworks */,
			);
			runOnlyForDeploymentPostprocessing = 0;
		};
/* End PBXFrameworksBuildPhase section */

/* Begin PBXGroup section */
		0D22727D271064C400FEED1A /* ChaosSwiftUIExample */ = {
			isa = PBXGroup;
			children = (
				0D22728C271065AC00FEED1A /* Resources */,
				0D22728B271065A700FEED1A /* Sources */,
				0D227287271064C600FEED1A /* Info.plist */,
				0D227284271064C600FEED1A /* Preview Content */,
			);
			path = ChaosSwiftUIExample;
			sourceTree = "<group>";
		};
		0D227284271064C600FEED1A /* Preview Content */ = {
			isa = PBXGroup;
			children = (
				0D227285271064C600FEED1A /* Preview Assets.xcassets */,
			);
			path = "Preview Content";
			sourceTree = "<group>";
		};
		0D22728B271065A700FEED1A /* Sources */ = {
			isa = PBXGroup;
			children = (
				0D22727E271064C400FEED1A /* ChaosSwiftUIExampleApp.swift */,
				0D227294271080DB00FEED1A /* ViewExample.swift */,
				0D22729027107E2600FEED1A /* Views */,
			);
			path = Sources;
			sourceTree = "<group>";
		};
		0D22728C271065AC00FEED1A /* Resources */ = {
			isa = PBXGroup;
			children = (
				0D227282271064C600FEED1A /* Assets.xcassets */,
			);
			path = Resources;
			sourceTree = "<group>";
		};
		0D22728D271065F500FEED1A /* Molecule */ = {
			isa = PBXGroup;
			children = (
				0D22728E2710661000FEED1A /* PieChartViewExample.swift */,
			);
			path = Molecule;
			sourceTree = "<group>";
		};
		0D22729027107E2600FEED1A /* Views */ = {
			isa = PBXGroup;
			children = (
				0D227280271064C400FEED1A /* MainView.swift */,
				0D22729227107E5700FEED1A /* MoleculeRootView.swift */,
				0D22728D271065F500FEED1A /* Molecule */,
			);
			path = Views;
			sourceTree = "<group>";
		};
		0DD4939226C18C80001B56E2 /* ChaosThree */ = {
			isa = PBXGroup;
			children = (
			);
			path = ChaosThree;
			sourceTree = "<group>";
		};
		607FACC71AFB9204008FA782 = {
			isa = PBXGroup;
			children = (
				607FACF51AFB993E008FA782 /* Podspec Metadata */,
				607FACE81AFB9204008FA782 /* Tests */,
				0D22727D271064C400FEED1A /* ChaosSwiftUIExample */,
				607FACD11AFB9204008FA782 /* Products */,
				7A145E401A1E9585C691299C /* Pods */,
				C018ED653E1CC98D0DC644FC /* Frameworks */,
			);
			sourceTree = "<group>";
		};
		607FACD11AFB9204008FA782 /* Products */ = {
			isa = PBXGroup;
			children = (
				0D22727C271064C400FEED1A /* ChaosSwiftUIExample.app */,
			);
			name = Products;
			sourceTree = "<group>";
		};
		607FACE81AFB9204008FA782 /* Tests */ = {
			isa = PBXGroup;
			children = (
				683A0C4625422A5600705836 /* ChaosCore */,
				684ECDE0253E02E900DA04D5 /* ChaosKit */,
				68C41DE326242C7F0054CDC4 /* ChaosMath */,
				684CCBCE25505B0A00CD0355 /* ChaosNet */,
				0DD4939226C18C80001B56E2 /* ChaosThree */,
				684ECDDF253E02DE00DA04D5 /* ChaosUi */,
				607FACE91AFB9204008FA782 /* Supporting Files */,
			);
			path = Tests;
			sourceTree = "<group>";
		};
		607FACE91AFB9204008FA782 /* Supporting Files */ = {
			isa = PBXGroup;
			children = (
				607FACEA1AFB9204008FA782 /* Info.plist */,
			);
			name = "Supporting Files";
			sourceTree = "<group>";
		};
		607FACF51AFB993E008FA782 /* Podspec Metadata */ = {
			isa = PBXGroup;
			children = (
				635FFEFC7FF3FAA4E9310293 /* Chaos.podspec */,
				F4BBFE02143DA114020C760A /* LICENSE */,
			);
			name = "Podspec Metadata";
			sourceTree = "<group>";
		};
		68214818255D8DCF00501FD3 /* Meta */ = {
			isa = PBXGroup;
			children = (
				68214819255D8DE500501FD3 /* MimeTypeTests.swift */,
			);
			path = Meta;
			sourceTree = "<group>";
		};
		683A0B6F2541EAB400705836 /* PropertyWrappers */ = {
			isa = PBXGroup;
			children = (
				683A0B702541EAB400705836 /* PlistTest.swift */,
			);
			path = PropertyWrappers;
			sourceTree = "<group>";
		};
		683A0C4625422A5600705836 /* ChaosCore */ = {
			isa = PBXGroup;
			children = (
				68B1671725CBFB4700F9AF02 /* Dependency */,
				68B1671525CBFB4700F9AF02 /* Extensions */,
				68B1671325CBFB4700F9AF02 /* Task */,
			);
			path = ChaosCore;
			sourceTree = "<group>";
		};
		684CCBCE25505B0A00CD0355 /* ChaosNet */ = {
			isa = PBXGroup;
			children = (
				68214818255D8DCF00501FD3 /* Meta */,
			);
			path = ChaosNet;
			sourceTree = "<group>";
		};
		684ECDD8253E02B200DA04D5 /* Timeline */ = {
			isa = PBXGroup;
			children = (
				684ECDD9253E02CE00DA04D5 /* UITimelineViewTest.swift */,
			);
			path = Timeline;
			sourceTree = "<group>";
		};
		684ECDDF253E02DE00DA04D5 /* ChaosUi */ = {
			isa = PBXGroup;
			children = (
				684ECDD8253E02B200DA04D5 /* Timeline */,
			);
			path = ChaosUi;
			sourceTree = "<group>";
		};
		684ECDE0253E02E900DA04D5 /* ChaosKit */ = {
			isa = PBXGroup;
			children = (
				683A0B6F2541EAB400705836 /* PropertyWrappers */,
				684ECDE8253E041B00DA04D5 /* Resources */,
				684ECDE1253E02F200DA04D5 /* Environment */,
			);
			path = ChaosKit;
			sourceTree = "<group>";
		};
		684ECDE1253E02F200DA04D5 /* Environment */ = {
			isa = PBXGroup;
			children = (
				684ECDE2253E031000DA04D5 /* EnvironmentManagerTest.swift */,
			);
			path = Environment;
			sourceTree = "<group>";
		};
		684ECDE8253E041B00DA04D5 /* Resources */ = {
			isa = PBXGroup;
			children = (
				684ECE29253ED6BD00DA04D5 /* Environment */,
			);
			path = Resources;
			sourceTree = "<group>";
		};
		684ECE29253ED6BD00DA04D5 /* Environment */ = {
			isa = PBXGroup;
			children = (
				683C58302541DABF004CEA07 /* missing-fields.plist */,
				683C583E2541DB8D004CEA07 /* multiple-environments.plist */,
				683C581B2541D94B004CEA07 /* single-environment.plist */,
			);
			path = Environment;
			sourceTree = "<group>";
		};
		68B1671325CBFB4700F9AF02 /* Task */ = {
			isa = PBXGroup;
			children = (
				68B1671425CBFB4700F9AF02 /* TaskRunnerTests.swift */,
			);
			path = Task;
			sourceTree = "<group>";
		};
		68B1671525CBFB4700F9AF02 /* Extensions */ = {
			isa = PBXGroup;
			children = (
				68B1671625CBFB4700F9AF02 /* String.swift */,
			);
			path = Extensions;
			sourceTree = "<group>";
		};
		68B1671725CBFB4700F9AF02 /* Dependency */ = {
			isa = PBXGroup;
			children = (
				68B1671825CBFB4700F9AF02 /* DependencyResolverTests.swift */,
			);
			path = Dependency;
			sourceTree = "<group>";
		};
		68BCA4B5262C7FF60039C6CE /* Matrix */ = {
			isa = PBXGroup;
			children = (
				68BCA4B6262C800C0039C6CE /* File.swift */,
			);
			path = Matrix;
			sourceTree = "<group>";
		};
		68C41DE326242C7F0054CDC4 /* ChaosMath */ = {
			isa = PBXGroup;
			children = (
				68BCA4B5262C7FF60039C6CE /* Matrix */,
				68FBBEC7262890A800032A5E /* Point */,
				68C41DE426242C8D0054CDC4 /* Vector */,
			);
			path = ChaosMath;
			sourceTree = "<group>";
		};
		68C41DE426242C8D0054CDC4 /* Vector */ = {
			isa = PBXGroup;
			children = (
				68FBBEDA2628960100032A5E /* Vec2Tests.swift */,
				68FBBED62628956500032A5E /* Vec3Tests.swift */,
				68C41DE526242CB80054CDC4 /* Vec4Tests.swift */,
				6814D9BF262C2C47004BBBD1 /* DynamicVectorTests.swift */,
			);
			path = Vector;
			sourceTree = "<group>";
		};
		68FBBEC7262890A800032A5E /* Point */ = {
			isa = PBXGroup;
			children = (
				68FBBEC8262890C700032A5E /* Point2Tests.swift */,
				68FBBECE2628943300032A5E /* Point3Tests.swift */,
				68FBBED22628949400032A5E /* Point4Tests.swift */,
			);
			path = Point;
			sourceTree = "<group>";
		};
		7A145E401A1E9585C691299C /* Pods */ = {
			isa = PBXGroup;
			children = (
				12175E6805309BD4FA36768A /* Pods-Chaos_Example.debug.xcconfig */,
				E84B7DE021A147BC801FF97A /* Pods-Chaos_Example.release.xcconfig */,
				1C460315E3D0C22CFAE7C975 /* Pods-Chaos_Example-Chaos_Tests.debug.xcconfig */,
				EBD62E7CDFAD6219C1026CFE /* Pods-Chaos_Example-Chaos_Tests.release.xcconfig */,
				EDB66383669C3CD0A0BFA469 /* Pods-ChaosThree.debug.xcconfig */,
				EC2F7F132E46CC5DC45E42D6 /* Pods-ChaosThree.release.xcconfig */,
				25CD25A9F670CAC3CDF4111B /* Pods-ChaosThree-Chaos_Tests.debug.xcconfig */,
				BF0D065EF2A306A478A15C51 /* Pods-ChaosThree-Chaos_Tests.release.xcconfig */,
				D2000F52D412E1AC9BD2FFDF /* Pods-ChaosSwiftUIExample.debug.xcconfig */,
				AB9773F2C4AD28E3D06E4957 /* Pods-ChaosSwiftUIExample.release.xcconfig */,
			);
			path = Pods;
			sourceTree = "<group>";
		};
		C018ED653E1CC98D0DC644FC /* Frameworks */ = {
			isa = PBXGroup;
			children = (
				6826964225CD9A8900334E62 /* ChaosCore.framework */,
				68B982EB258BD1F700C583E2 /* Chaos.framework */,
				5047144D23B39F8791F0EBB0 /* Pods_Chaos_Example.framework */,
				7369872F663BF3D08AB5E38B /* Pods_ChaosThree.framework */,
				FB57655C510035BF19A2AAEA /* Pods_ChaosThree_Chaos_Tests.framework */,
				4261401030CED23B33512483 /* Pods_ChaosSwiftUIExample.framework */,
			);
			name = Frameworks;
			sourceTree = "<group>";
		};
/* End PBXGroup section */

/* Begin PBXNativeTarget section */
		0D22727B271064C400FEED1A /* ChaosSwiftUIExample */ = {
			isa = PBXNativeTarget;
			buildConfigurationList = 0D227288271064C600FEED1A /* Build configuration list for PBXNativeTarget "ChaosSwiftUIExample" */;
			buildPhases = (
				D4DBD516A3A8811F761AEB3A /* [CP] Check Pods Manifest.lock */,
				0D227278271064C400FEED1A /* Sources */,
				0D227279271064C400FEED1A /* Frameworks */,
				0D22727A271064C400FEED1A /* Resources */,
				52FA9AC667DE96FF21F9CFD2 /* [CP] Embed Pods Frameworks */,
			);
			buildRules = (
			);
			dependencies = (
			);
			name = ChaosSwiftUIExample;
			productName = ChaosSwiftUIExample;
			productReference = 0D22727C271064C400FEED1A /* ChaosSwiftUIExample.app */;
			productType = "com.apple.product-type.application";
		};
/* End PBXNativeTarget section */

/* Begin PBXProject section */
		607FACC81AFB9204008FA782 /* Project object */ = {
			isa = PBXProject;
			attributes = {
				LastSwiftUpdateCheck = 1250;
				LastUpgradeCheck = 1220;
				ORGANIZATIONNAME = CocoaPods;
				TargetAttributes = {
					0D22727B271064C400FEED1A = {
						CreatedOnToolsVersion = 12.5.1;
						DevelopmentTeam = 8F6ZA8LN96;
						ProvisioningStyle = Automatic;
					};
				};
			};
			buildConfigurationList = 607FACCB1AFB9204008FA782 /* Build configuration list for PBXProject "Chaos" */;
			compatibilityVersion = "Xcode 3.2";
			developmentRegion = en;
			hasScannedForEncodings = 0;
			knownRegions = (
				en,
				Base,
			);
			mainGroup = 607FACC71AFB9204008FA782;
			productRefGroup = 607FACD11AFB9204008FA782 /* Products */;
			projectDirPath = "";
			projectRoot = "";
			targets = (
				0D22727B271064C400FEED1A /* ChaosSwiftUIExample */,
			);
		};
/* End PBXProject section */

/* Begin PBXResourcesBuildPhase section */
		0D22727A271064C400FEED1A /* Resources */ = {
			isa = PBXResourcesBuildPhase;
			buildActionMask = 2147483647;
			files = (
				0D227286271064C600FEED1A /* Preview Assets.xcassets in Resources */,
				0D227283271064C600FEED1A /* Assets.xcassets in Resources */,
			);
			runOnlyForDeploymentPostprocessing = 0;
		};
/* End PBXResourcesBuildPhase section */

/* Begin PBXShellScriptBuildPhase section */
		52FA9AC667DE96FF21F9CFD2 /* [CP] Embed Pods Frameworks */ = {
			isa = PBXShellScriptBuildPhase;
			buildActionMask = 2147483647;
			files = (
			);
			inputPaths = (
				"${PODS_ROOT}/Target Support Files/Pods-ChaosSwiftUIExample/Pods-ChaosSwiftUIExample-frameworks.sh",
				"${BUILT_PRODUCTS_DIR}/ChaosAnimation/ChaosAnimation.framework",
				"${BUILT_PRODUCTS_DIR}/ChaosCore/ChaosCore.framework",
				"${BUILT_PRODUCTS_DIR}/ChaosGraphics/ChaosGraphics.framework",
				"${BUILT_PRODUCTS_DIR}/ChaosKit/ChaosKit.framework",
				"${BUILT_PRODUCTS_DIR}/ChaosMath/ChaosMath.framework",
				"${BUILT_PRODUCTS_DIR}/ChaosMetal/ChaosMetal.framework",
				"${BUILT_PRODUCTS_DIR}/ChaosNet/ChaosNet.framework",
				"${BUILT_PRODUCTS_DIR}/ChaosSwiftUI/ChaosSwiftUI.framework",
				"${BUILT_PRODUCTS_DIR}/ChaosThree/ChaosThree.framework",
				"${BUILT_PRODUCTS_DIR}/ChaosUi/ChaosUi.framework",
				"${BUILT_PRODUCTS_DIR}/Hippolyte/Hippolyte.framework",
				"${BUILT_PRODUCTS_DIR}/PromisesObjC/FBLPromises.framework",
				"${BUILT_PRODUCTS_DIR}/PromisesSwift/Promises.framework",
			);
			name = "[CP] Embed Pods Frameworks";
			outputPaths = (
				"${TARGET_BUILD_DIR}/${FRAMEWORKS_FOLDER_PATH}/ChaosAnimation.framework",
				"${TARGET_BUILD_DIR}/${FRAMEWORKS_FOLDER_PATH}/ChaosCore.framework",
				"${TARGET_BUILD_DIR}/${FRAMEWORKS_FOLDER_PATH}/ChaosGraphics.framework",
				"${TARGET_BUILD_DIR}/${FRAMEWORKS_FOLDER_PATH}/ChaosKit.framework",
				"${TARGET_BUILD_DIR}/${FRAMEWORKS_FOLDER_PATH}/ChaosMath.framework",
				"${TARGET_BUILD_DIR}/${FRAMEWORKS_FOLDER_PATH}/ChaosMetal.framework",
				"${TARGET_BUILD_DIR}/${FRAMEWORKS_FOLDER_PATH}/ChaosNet.framework",
				"${TARGET_BUILD_DIR}/${FRAMEWORKS_FOLDER_PATH}/ChaosSwiftUI.framework",
				"${TARGET_BUILD_DIR}/${FRAMEWORKS_FOLDER_PATH}/ChaosThree.framework",
				"${TARGET_BUILD_DIR}/${FRAMEWORKS_FOLDER_PATH}/ChaosUi.framework",
				"${TARGET_BUILD_DIR}/${FRAMEWORKS_FOLDER_PATH}/Hippolyte.framework",
				"${TARGET_BUILD_DIR}/${FRAMEWORKS_FOLDER_PATH}/FBLPromises.framework",
				"${TARGET_BUILD_DIR}/${FRAMEWORKS_FOLDER_PATH}/Promises.framework",
			);
			runOnlyForDeploymentPostprocessing = 0;
			shellPath = /bin/sh;
			shellScript = "\"${PODS_ROOT}/Target Support Files/Pods-ChaosSwiftUIExample/Pods-ChaosSwiftUIExample-frameworks.sh\"\n";
			showEnvVarsInLog = 0;
		};
		D4DBD516A3A8811F761AEB3A /* [CP] Check Pods Manifest.lock */ = {
			isa = PBXShellScriptBuildPhase;
			buildActionMask = 2147483647;
			files = (
			);
			inputFileListPaths = (
			);
			inputPaths = (
				"${PODS_PODFILE_DIR_PATH}/Podfile.lock",
				"${PODS_ROOT}/Manifest.lock",
			);
			name = "[CP] Check Pods Manifest.lock";
			outputFileListPaths = (
			);
			outputPaths = (
				"$(DERIVED_FILE_DIR)/Pods-ChaosSwiftUIExample-checkManifestLockResult.txt",
			);
			runOnlyForDeploymentPostprocessing = 0;
			shellPath = /bin/sh;
			shellScript = "diff \"${PODS_PODFILE_DIR_PATH}/Podfile.lock\" \"${PODS_ROOT}/Manifest.lock\" > /dev/null\nif [ $? != 0 ] ; then\n    # print error to STDERR\n    echo \"error: The sandbox is not in sync with the Podfile.lock. Run 'pod install' or update your CocoaPods installation.\" >&2\n    exit 1\nfi\n# This output is used by Xcode 'outputs' to avoid re-running this script phase.\necho \"SUCCESS\" > \"${SCRIPT_OUTPUT_FILE_0}\"\n";
			showEnvVarsInLog = 0;
		};
/* End PBXShellScriptBuildPhase section */

/* Begin PBXSourcesBuildPhase section */
		0D227278271064C400FEED1A /* Sources */ = {
			isa = PBXSourcesBuildPhase;
			buildActionMask = 2147483647;
			files = (
				0D22728F2710661000FEED1A /* PieChartViewExample.swift in Sources */,
				0D227295271080DB00FEED1A /* ViewExample.swift in Sources */,
				0D227281271064C400FEED1A /* MainView.swift in Sources */,
				0D22729327107E5700FEED1A /* MoleculeRootView.swift in Sources */,
				0D22727F271064C400FEED1A /* ChaosSwiftUIExampleApp.swift in Sources */,
			);
			runOnlyForDeploymentPostprocessing = 0;
		};
/* End PBXSourcesBuildPhase section */

/* Begin XCBuildConfiguration section */
		0D227289271064C600FEED1A /* Debug */ = {
			isa = XCBuildConfiguration;
			baseConfigurationReference = D2000F52D412E1AC9BD2FFDF /* Pods-ChaosSwiftUIExample.debug.xcconfig */;
			buildSettings = {
				ASSETCATALOG_COMPILER_APPICON_NAME = AppIcon;
				ASSETCATALOG_COMPILER_GLOBAL_ACCENT_COLOR_NAME = AccentColor;
				CLANG_ANALYZER_NONNULL = YES;
				CLANG_ANALYZER_NUMBER_OBJECT_CONVERSION = YES_AGGRESSIVE;
				CLANG_CXX_LANGUAGE_STANDARD = "gnu++14";
				CLANG_ENABLE_OBJC_WEAK = YES;
				CLANG_WARN_DOCUMENTATION_COMMENTS = YES;
				CLANG_WARN_UNGUARDED_AVAILABILITY = YES_AGGRESSIVE;
				CODE_SIGN_STYLE = Automatic;
				DEBUG_INFORMATION_FORMAT = dwarf;
				DEVELOPMENT_ASSET_PATHS = "\"ChaosSwiftUIExample/Preview Content\"";
				DEVELOPMENT_TEAM = 8F6ZA8LN96;
				ENABLE_PREVIEWS = YES;
				GCC_C_LANGUAGE_STANDARD = gnu11;
				INFOPLIST_FILE = ChaosSwiftUIExample/Info.plist;
				IPHONEOS_DEPLOYMENT_TARGET = 14.5;
				LD_RUNPATH_SEARCH_PATHS = "$(inherited) @executable_path/Frameworks";
				MTL_ENABLE_DEBUG_INFO = INCLUDE_SOURCE;
				MTL_FAST_MATH = YES;
				PRODUCT_BUNDLE_IDENTIFIER = de.chaosarts.ChaosSwiftUIExample;
				PRODUCT_NAME = "$(TARGET_NAME)";
				SWIFT_ACTIVE_COMPILATION_CONDITIONS = DEBUG;
				SWIFT_VERSION = 5.0;
				TARGETED_DEVICE_FAMILY = "1,2";
			};
			name = Debug;
		};
		0D22728A271064C600FEED1A /* Release */ = {
			isa = XCBuildConfiguration;
			baseConfigurationReference = AB9773F2C4AD28E3D06E4957 /* Pods-ChaosSwiftUIExample.release.xcconfig */;
			buildSettings = {
				ASSETCATALOG_COMPILER_APPICON_NAME = AppIcon;
				ASSETCATALOG_COMPILER_GLOBAL_ACCENT_COLOR_NAME = AccentColor;
				CLANG_ANALYZER_NONNULL = YES;
				CLANG_ANALYZER_NUMBER_OBJECT_CONVERSION = YES_AGGRESSIVE;
				CLANG_CXX_LANGUAGE_STANDARD = "gnu++14";
				CLANG_ENABLE_OBJC_WEAK = YES;
				CLANG_WARN_DOCUMENTATION_COMMENTS = YES;
				CLANG_WARN_UNGUARDED_AVAILABILITY = YES_AGGRESSIVE;
				CODE_SIGN_STYLE = Automatic;
				DEVELOPMENT_ASSET_PATHS = "\"ChaosSwiftUIExample/Preview Content\"";
				DEVELOPMENT_TEAM = 8F6ZA8LN96;
				ENABLE_PREVIEWS = YES;
				GCC_C_LANGUAGE_STANDARD = gnu11;
				INFOPLIST_FILE = ChaosSwiftUIExample/Info.plist;
				IPHONEOS_DEPLOYMENT_TARGET = 14.5;
				LD_RUNPATH_SEARCH_PATHS = "$(inherited) @executable_path/Frameworks";
				MTL_FAST_MATH = YES;
				PRODUCT_BUNDLE_IDENTIFIER = de.chaosarts.ChaosSwiftUIExample;
				PRODUCT_NAME = "$(TARGET_NAME)";
				SWIFT_VERSION = 5.0;
				TARGETED_DEVICE_FAMILY = "1,2";
			};
			name = Release;
		};
		607FACED1AFB9204008FA782 /* Debug */ = {
			isa = XCBuildConfiguration;
			buildSettings = {
				ALWAYS_SEARCH_USER_PATHS = NO;
				CLANG_ANALYZER_LOCALIZABILITY_NONLOCALIZED = YES;
				CLANG_CXX_LANGUAGE_STANDARD = "gnu++0x";
				CLANG_CXX_LIBRARY = "libc++";
				CLANG_ENABLE_MODULES = YES;
				CLANG_ENABLE_OBJC_ARC = YES;
				CLANG_WARN_BLOCK_CAPTURE_AUTORELEASING = YES;
				CLANG_WARN_BOOL_CONVERSION = YES;
				CLANG_WARN_COMMA = YES;
				CLANG_WARN_CONSTANT_CONVERSION = YES;
				CLANG_WARN_DEPRECATED_OBJC_IMPLEMENTATIONS = YES;
				CLANG_WARN_DIRECT_OBJC_ISA_USAGE = YES_ERROR;
				CLANG_WARN_EMPTY_BODY = YES;
				CLANG_WARN_ENUM_CONVERSION = YES;
				CLANG_WARN_INFINITE_RECURSION = YES;
				CLANG_WARN_INT_CONVERSION = YES;
				CLANG_WARN_NON_LITERAL_NULL_CONVERSION = YES;
				CLANG_WARN_OBJC_IMPLICIT_RETAIN_SELF = YES;
				CLANG_WARN_OBJC_LITERAL_CONVERSION = YES;
				CLANG_WARN_OBJC_ROOT_CLASS = YES_ERROR;
				CLANG_WARN_QUOTED_INCLUDE_IN_FRAMEWORK_HEADER = YES;
				CLANG_WARN_RANGE_LOOP_ANALYSIS = YES;
				CLANG_WARN_STRICT_PROTOTYPES = YES;
				CLANG_WARN_SUSPICIOUS_MOVE = YES;
				CLANG_WARN_UNREACHABLE_CODE = YES;
				CLANG_WARN__DUPLICATE_METHOD_MATCH = YES;
				"CODE_SIGN_IDENTITY[sdk=iphoneos*]" = "iPhone Developer";
				COPY_PHASE_STRIP = NO;
				DEBUG_INFORMATION_FORMAT = "dwarf-with-dsym";
				ENABLE_STRICT_OBJC_MSGSEND = YES;
				ENABLE_TESTABILITY = YES;
				GCC_C_LANGUAGE_STANDARD = gnu99;
				GCC_DYNAMIC_NO_PIC = NO;
				GCC_NO_COMMON_BLOCKS = YES;
				GCC_OPTIMIZATION_LEVEL = 0;
				GCC_PREPROCESSOR_DEFINITIONS = (
					"DEBUG=1",
					"$(inherited)",
				);
				GCC_SYMBOLS_PRIVATE_EXTERN = NO;
				GCC_WARN_64_TO_32_BIT_CONVERSION = YES;
				GCC_WARN_ABOUT_RETURN_TYPE = YES_ERROR;
				GCC_WARN_UNDECLARED_SELECTOR = YES;
				GCC_WARN_UNINITIALIZED_AUTOS = YES_AGGRESSIVE;
				GCC_WARN_UNUSED_FUNCTION = YES;
				GCC_WARN_UNUSED_VARIABLE = YES;
				IPHONEOS_DEPLOYMENT_TARGET = 14.1;
				MTL_ENABLE_DEBUG_INFO = YES;
				ONLY_ACTIVE_ARCH = YES;
				SDKROOT = iphoneos;
				SWIFT_OPTIMIZATION_LEVEL = "-Onone";
				SWIFT_VERSION = 5.0;
			};
			name = Debug;
		};
		607FACEE1AFB9204008FA782 /* Release */ = {
			isa = XCBuildConfiguration;
			buildSettings = {
				ALWAYS_SEARCH_USER_PATHS = NO;
				CLANG_ANALYZER_LOCALIZABILITY_NONLOCALIZED = YES;
				CLANG_CXX_LANGUAGE_STANDARD = "gnu++0x";
				CLANG_CXX_LIBRARY = "libc++";
				CLANG_ENABLE_MODULES = YES;
				CLANG_ENABLE_OBJC_ARC = YES;
				CLANG_WARN_BLOCK_CAPTURE_AUTORELEASING = YES;
				CLANG_WARN_BOOL_CONVERSION = YES;
				CLANG_WARN_COMMA = YES;
				CLANG_WARN_CONSTANT_CONVERSION = YES;
				CLANG_WARN_DEPRECATED_OBJC_IMPLEMENTATIONS = YES;
				CLANG_WARN_DIRECT_OBJC_ISA_USAGE = YES_ERROR;
				CLANG_WARN_EMPTY_BODY = YES;
				CLANG_WARN_ENUM_CONVERSION = YES;
				CLANG_WARN_INFINITE_RECURSION = YES;
				CLANG_WARN_INT_CONVERSION = YES;
				CLANG_WARN_NON_LITERAL_NULL_CONVERSION = YES;
				CLANG_WARN_OBJC_IMPLICIT_RETAIN_SELF = YES;
				CLANG_WARN_OBJC_LITERAL_CONVERSION = YES;
				CLANG_WARN_OBJC_ROOT_CLASS = YES_ERROR;
				CLANG_WARN_QUOTED_INCLUDE_IN_FRAMEWORK_HEADER = YES;
				CLANG_WARN_RANGE_LOOP_ANALYSIS = YES;
				CLANG_WARN_STRICT_PROTOTYPES = YES;
				CLANG_WARN_SUSPICIOUS_MOVE = YES;
				CLANG_WARN_UNREACHABLE_CODE = YES;
				CLANG_WARN__DUPLICATE_METHOD_MATCH = YES;
				"CODE_SIGN_IDENTITY[sdk=iphoneos*]" = "iPhone Developer";
				COPY_PHASE_STRIP = NO;
				DEBUG_INFORMATION_FORMAT = "dwarf-with-dsym";
				ENABLE_NS_ASSERTIONS = NO;
				ENABLE_STRICT_OBJC_MSGSEND = YES;
				GCC_C_LANGUAGE_STANDARD = gnu99;
				GCC_NO_COMMON_BLOCKS = YES;
				GCC_WARN_64_TO_32_BIT_CONVERSION = YES;
				GCC_WARN_ABOUT_RETURN_TYPE = YES_ERROR;
				GCC_WARN_UNDECLARED_SELECTOR = YES;
				GCC_WARN_UNINITIALIZED_AUTOS = YES_AGGRESSIVE;
				GCC_WARN_UNUSED_FUNCTION = YES;
				GCC_WARN_UNUSED_VARIABLE = YES;
				IPHONEOS_DEPLOYMENT_TARGET = 14.1;
				MTL_ENABLE_DEBUG_INFO = NO;
				SDKROOT = iphoneos;
				SWIFT_OPTIMIZATION_LEVEL = "-Owholemodule";
				SWIFT_VERSION = 5.0;
				VALIDATE_PRODUCT = YES;
			};
			name = Release;
		};
/* End XCBuildConfiguration section */

/* Begin XCConfigurationList section */
		0D227288271064C600FEED1A /* Build configuration list for PBXNativeTarget "ChaosSwiftUIExample" */ = {
			isa = XCConfigurationList;
			buildConfigurations = (
				0D227289271064C600FEED1A /* Debug */,
				0D22728A271064C600FEED1A /* Release */,
			);
			defaultConfigurationIsVisible = 0;
			defaultConfigurationName = Release;
		};
		607FACCB1AFB9204008FA782 /* Build configuration list for PBXProject "Chaos" */ = {
			isa = XCConfigurationList;
			buildConfigurations = (
				607FACED1AFB9204008FA782 /* Debug */,
				607FACEE1AFB9204008FA782 /* Release */,
			);
			defaultConfigurationIsVisible = 0;
			defaultConfigurationName = Release;
		};
/* End XCConfigurationList section */
	};
	rootObject = 607FACC81AFB9204008FA782 /* Project object */;
}
