// !$*UTF8*$!
{
	archiveVersion = 1;
	classes = {
	};
	objectVersion = 46;
	objects = {

/* Begin PBXBuildFile section */
		607FACD61AFB9204008FA782 /* AppDelegate.swift in Sources */ = {isa = PBXBuildFile; fileRef = 607FACD51AFB9204008FA782 /* AppDelegate.swift */; };
		607FACDB1AFB9204008FA782 /* Main.storyboard in Resources */ = {isa = PBXBuildFile; fileRef = 607FACD91AFB9204008FA782 /* Main.storyboard */; };
		607FACDD1AFB9204008FA782 /* Images.xcassets in Resources */ = {isa = PBXBuildFile; fileRef = 607FACDC1AFB9204008FA782 /* Images.xcassets */; };
		607FACE01AFB9204008FA782 /* LaunchScreen.xib in Resources */ = {isa = PBXBuildFile; fileRef = 607FACDE1AFB9204008FA782 /* LaunchScreen.xib */; };
		68214781255D577C00501FD3 /* UIAppSetupViewController.swift in Sources */ = {isa = PBXBuildFile; fileRef = 68214780255D577C00501FD3 /* UIAppSetupViewController.swift */; };
		6821481A255D8DE500501FD3 /* MimeTypeTests.swift in Sources */ = {isa = PBXBuildFile; fileRef = 68214819255D8DE500501FD3 /* MimeTypeTests.swift */; };
		683A0B782541EB0400705836 /* PlistTest.swift in Sources */ = {isa = PBXBuildFile; fileRef = 683A0B702541EAB400705836 /* PlistTest.swift */; };
		683C581C2541D94B004CEA07 /* single-environment.plist in Resources */ = {isa = PBXBuildFile; fileRef = 683C581B2541D94B004CEA07 /* single-environment.plist */; };
		683C58312541DABF004CEA07 /* missing-fields.plist in Resources */ = {isa = PBXBuildFile; fileRef = 683C58302541DABF004CEA07 /* missing-fields.plist */; };
		683C583F2541DB8E004CEA07 /* multiple-environments.plist in Resources */ = {isa = PBXBuildFile; fileRef = 683C583E2541DB8D004CEA07 /* multiple-environments.plist */; };
		684ECDDA253E02CE00DA04D5 /* UITimelineViewTest.swift in Sources */ = {isa = PBXBuildFile; fileRef = 684ECDD9253E02CE00DA04D5 /* UITimelineViewTest.swift */; };
		684ECDE3253E031000DA04D5 /* EnvironmentManagerTest.swift in Sources */ = {isa = PBXBuildFile; fileRef = 684ECDE2253E031000DA04D5 /* EnvironmentManagerTest.swift */; };
		68B1672F25CBFBB000F9AF02 /* DependencyResolverTests.swift in Sources */ = {isa = PBXBuildFile; fileRef = 68B1671825CBFB4700F9AF02 /* DependencyResolverTests.swift */; };
		68B1673225CBFBB800F9AF02 /* TaskRunnerTests.swift in Sources */ = {isa = PBXBuildFile; fileRef = 68B1671425CBFB4700F9AF02 /* TaskRunnerTests.swift */; };
		68B1673725CBFBBB00F9AF02 /* String.swift in Sources */ = {isa = PBXBuildFile; fileRef = 68B1671625CBFB4700F9AF02 /* String.swift */; };
		68C6735B2574E8670040FCFF /* UITestViewController.swift in Sources */ = {isa = PBXBuildFile; fileRef = 68C6735A2574E8670040FCFF /* UITestViewController.swift */; };
		8B3653E74AC9CAB6763D5788 /* Pods_Chaos_Example.framework in Frameworks */ = {isa = PBXBuildFile; fileRef = 5047144D23B39F8791F0EBB0 /* Pods_Chaos_Example.framework */; };
		9A423F17E1D4A545F939D13B /* Pods_Chaos_Example_Chaos_Tests.framework in Frameworks */ = {isa = PBXBuildFile; fileRef = 0C74F28DE98EFEDF25CF9831 /* Pods_Chaos_Example_Chaos_Tests.framework */; };
/* End PBXBuildFile section */

/* Begin PBXContainerItemProxy section */
		607FACE61AFB9204008FA782 /* PBXContainerItemProxy */ = {
			isa = PBXContainerItemProxy;
			containerPortal = 607FACC81AFB9204008FA782 /* Project object */;
			proxyType = 1;
			remoteGlobalIDString = 607FACCF1AFB9204008FA782;
			remoteInfo = Chaos;
		};
/* End PBXContainerItemProxy section */

/* Begin PBXFileReference section */
		0C74F28DE98EFEDF25CF9831 /* Pods_Chaos_Example_Chaos_Tests.framework */ = {isa = PBXFileReference; explicitFileType = wrapper.framework; includeInIndex = 0; path = Pods_Chaos_Example_Chaos_Tests.framework; sourceTree = BUILT_PRODUCTS_DIR; };
		12175E6805309BD4FA36768A /* Pods-Chaos_Example.debug.xcconfig */ = {isa = PBXFileReference; includeInIndex = 1; lastKnownFileType = text.xcconfig; name = "Pods-Chaos_Example.debug.xcconfig"; path = "Target Support Files/Pods-Chaos_Example/Pods-Chaos_Example.debug.xcconfig"; sourceTree = "<group>"; };
		1C460315E3D0C22CFAE7C975 /* Pods-Chaos_Example-Chaos_Tests.debug.xcconfig */ = {isa = PBXFileReference; includeInIndex = 1; lastKnownFileType = text.xcconfig; name = "Pods-Chaos_Example-Chaos_Tests.debug.xcconfig"; path = "Target Support Files/Pods-Chaos_Example-Chaos_Tests/Pods-Chaos_Example-Chaos_Tests.debug.xcconfig"; sourceTree = "<group>"; };
		5047144D23B39F8791F0EBB0 /* Pods_Chaos_Example.framework */ = {isa = PBXFileReference; explicitFileType = wrapper.framework; includeInIndex = 0; path = Pods_Chaos_Example.framework; sourceTree = BUILT_PRODUCTS_DIR; };
		607FACD01AFB9204008FA782 /* Chaos_Example.app */ = {isa = PBXFileReference; explicitFileType = wrapper.application; includeInIndex = 0; path = Chaos_Example.app; sourceTree = BUILT_PRODUCTS_DIR; };
		607FACD41AFB9204008FA782 /* Info.plist */ = {isa = PBXFileReference; lastKnownFileType = text.plist.xml; path = Info.plist; sourceTree = "<group>"; };
		607FACD51AFB9204008FA782 /* AppDelegate.swift */ = {isa = PBXFileReference; lastKnownFileType = sourcecode.swift; path = AppDelegate.swift; sourceTree = "<group>"; };
		607FACDA1AFB9204008FA782 /* Base */ = {isa = PBXFileReference; lastKnownFileType = file.storyboard; name = Base; path = Base.lproj/Main.storyboard; sourceTree = "<group>"; };
		607FACDC1AFB9204008FA782 /* Images.xcassets */ = {isa = PBXFileReference; lastKnownFileType = folder.assetcatalog; path = Images.xcassets; sourceTree = "<group>"; };
		607FACDF1AFB9204008FA782 /* Base */ = {isa = PBXFileReference; lastKnownFileType = file.xib; name = Base; path = Base.lproj/LaunchScreen.xib; sourceTree = "<group>"; };
		607FACE51AFB9204008FA782 /* Chaos_Tests.xctest */ = {isa = PBXFileReference; explicitFileType = wrapper.cfbundle; includeInIndex = 0; path = Chaos_Tests.xctest; sourceTree = BUILT_PRODUCTS_DIR; };
		607FACEA1AFB9204008FA782 /* Info.plist */ = {isa = PBXFileReference; lastKnownFileType = text.plist.xml; path = Info.plist; sourceTree = "<group>"; };
		635FFEFC7FF3FAA4E9310293 /* Chaos.podspec */ = {isa = PBXFileReference; includeInIndex = 1; lastKnownFileType = text; name = Chaos.podspec; path = ../Chaos.podspec; sourceTree = "<group>"; };
		68214780255D577C00501FD3 /* UIAppSetupViewController.swift */ = {isa = PBXFileReference; lastKnownFileType = sourcecode.swift; path = UIAppSetupViewController.swift; sourceTree = "<group>"; };
		68214819255D8DE500501FD3 /* MimeTypeTests.swift */ = {isa = PBXFileReference; lastKnownFileType = sourcecode.swift; path = MimeTypeTests.swift; sourceTree = "<group>"; };
		6826962D25CD97E700334E62 /* ChaosCoreTests.swift */ = {isa = PBXFileReference; lastKnownFileType = sourcecode.swift; path = ChaosCoreTests.swift; sourceTree = "<group>"; };
		6826962F25CD97E700334E62 /* Info.plist */ = {isa = PBXFileReference; lastKnownFileType = text.plist.xml; path = Info.plist; sourceTree = "<group>"; };
		6826964225CD9A8900334E62 /* ChaosCore.framework */ = {isa = PBXFileReference; explicitFileType = wrapper.framework; path = ChaosCore.framework; sourceTree = BUILT_PRODUCTS_DIR; };
		683A0B702541EAB400705836 /* PlistTest.swift */ = {isa = PBXFileReference; fileEncoding = 4; lastKnownFileType = sourcecode.swift; path = PlistTest.swift; sourceTree = "<group>"; };
		683C581B2541D94B004CEA07 /* single-environment.plist */ = {isa = PBXFileReference; lastKnownFileType = text.plist.xml; path = "single-environment.plist"; sourceTree = "<group>"; };
		683C58302541DABF004CEA07 /* missing-fields.plist */ = {isa = PBXFileReference; lastKnownFileType = text.plist.xml; path = "missing-fields.plist"; sourceTree = "<group>"; };
		683C583E2541DB8D004CEA07 /* multiple-environments.plist */ = {isa = PBXFileReference; lastKnownFileType = text.plist.xml; path = "multiple-environments.plist"; sourceTree = "<group>"; };
		684ECDD9253E02CE00DA04D5 /* UITimelineViewTest.swift */ = {isa = PBXFileReference; lastKnownFileType = sourcecode.swift; path = UITimelineViewTest.swift; sourceTree = "<group>"; };
		684ECDE2253E031000DA04D5 /* EnvironmentManagerTest.swift */ = {isa = PBXFileReference; lastKnownFileType = sourcecode.swift; path = EnvironmentManagerTest.swift; sourceTree = "<group>"; };
		68B1671425CBFB4700F9AF02 /* TaskRunnerTests.swift */ = {isa = PBXFileReference; fileEncoding = 4; lastKnownFileType = sourcecode.swift; path = TaskRunnerTests.swift; sourceTree = "<group>"; };
		68B1671625CBFB4700F9AF02 /* String.swift */ = {isa = PBXFileReference; fileEncoding = 4; lastKnownFileType = sourcecode.swift; path = String.swift; sourceTree = "<group>"; };
		68B1671825CBFB4700F9AF02 /* DependencyResolverTests.swift */ = {isa = PBXFileReference; fileEncoding = 4; lastKnownFileType = sourcecode.swift; path = DependencyResolverTests.swift; sourceTree = "<group>"; };
		68B982EB258BD1F700C583E2 /* Chaos.framework */ = {isa = PBXFileReference; explicitFileType = wrapper.framework; path = Chaos.framework; sourceTree = BUILT_PRODUCTS_DIR; };
		68C6735A2574E8670040FCFF /* UITestViewController.swift */ = {isa = PBXFileReference; lastKnownFileType = sourcecode.swift; path = UITestViewController.swift; sourceTree = "<group>"; };
		E84B7DE021A147BC801FF97A /* Pods-Chaos_Example.release.xcconfig */ = {isa = PBXFileReference; includeInIndex = 1; lastKnownFileType = text.xcconfig; name = "Pods-Chaos_Example.release.xcconfig"; path = "Target Support Files/Pods-Chaos_Example/Pods-Chaos_Example.release.xcconfig"; sourceTree = "<group>"; };
		EBD62E7CDFAD6219C1026CFE /* Pods-Chaos_Example-Chaos_Tests.release.xcconfig */ = {isa = PBXFileReference; includeInIndex = 1; lastKnownFileType = text.xcconfig; name = "Pods-Chaos_Example-Chaos_Tests.release.xcconfig"; path = "Target Support Files/Pods-Chaos_Example-Chaos_Tests/Pods-Chaos_Example-Chaos_Tests.release.xcconfig"; sourceTree = "<group>"; };
		F4BBFE02143DA114020C760A /* LICENSE */ = {isa = PBXFileReference; includeInIndex = 1; lastKnownFileType = text; name = LICENSE; path = ../LICENSE; sourceTree = "<group>"; };
/* End PBXFileReference section */

/* Begin PBXFrameworksBuildPhase section */
		607FACCD1AFB9204008FA782 /* Frameworks */ = {
			isa = PBXFrameworksBuildPhase;
			buildActionMask = 2147483647;
			files = (
				8B3653E74AC9CAB6763D5788 /* Pods_Chaos_Example.framework in Frameworks */,
			);
			runOnlyForDeploymentPostprocessing = 0;
		};
		607FACE21AFB9204008FA782 /* Frameworks */ = {
			isa = PBXFrameworksBuildPhase;
			buildActionMask = 2147483647;
			files = (
				9A423F17E1D4A545F939D13B /* Pods_Chaos_Example_Chaos_Tests.framework in Frameworks */,
			);
			runOnlyForDeploymentPostprocessing = 0;
		};
/* End PBXFrameworksBuildPhase section */

/* Begin PBXGroup section */
		607FACC71AFB9204008FA782 = {
			isa = PBXGroup;
			children = (
				607FACF51AFB993E008FA782 /* Podspec Metadata */,
				607FACD21AFB9204008FA782 /* Example for Chaos */,
				607FACE81AFB9204008FA782 /* Tests */,
				6826962C25CD97E700334E62 /* ChaosCoreTests */,
				607FACD11AFB9204008FA782 /* Products */,
				7A145E401A1E9585C691299C /* Pods */,
				C018ED653E1CC98D0DC644FC /* Frameworks */,
			);
			sourceTree = "<group>";
		};
		607FACD11AFB9204008FA782 /* Products */ = {
			isa = PBXGroup;
			children = (
				607FACD01AFB9204008FA782 /* Chaos_Example.app */,
				607FACE51AFB9204008FA782 /* Chaos_Tests.xctest */,
			);
			name = Products;
			sourceTree = "<group>";
		};
		607FACD21AFB9204008FA782 /* Example for Chaos */ = {
			isa = PBXGroup;
			children = (
				607FACD51AFB9204008FA782 /* AppDelegate.swift */,
				607FACDC1AFB9204008FA782 /* Images.xcassets */,
				607FACDE1AFB9204008FA782 /* LaunchScreen.xib */,
				607FACD91AFB9204008FA782 /* Main.storyboard */,
				607FACD31AFB9204008FA782 /* Supporting Files */,
				6821477C255D574F00501FD3 /* UI */,
			);
			name = "Example for Chaos";
			path = Chaos;
			sourceTree = "<group>";
		};
		607FACD31AFB9204008FA782 /* Supporting Files */ = {
			isa = PBXGroup;
			children = (
				607FACD41AFB9204008FA782 /* Info.plist */,
			);
			name = "Supporting Files";
			sourceTree = "<group>";
		};
		607FACE81AFB9204008FA782 /* Tests */ = {
			isa = PBXGroup;
			children = (
				683A0C4625422A5600705836 /* ChaosCore */,
				684ECDE0253E02E900DA04D5 /* ChaosKit */,
				684CCBCE25505B0A00CD0355 /* ChaosNet */,
				684ECDDF253E02DE00DA04D5 /* ChaosUi */,
				607FACE91AFB9204008FA782 /* Supporting Files */,
			);
			path = Tests;
			sourceTree = "<group>";
		};
		607FACE91AFB9204008FA782 /* Supporting Files */ = {
			isa = PBXGroup;
			children = (
				607FACEA1AFB9204008FA782 /* Info.plist */,
			);
			name = "Supporting Files";
			sourceTree = "<group>";
		};
		607FACF51AFB993E008FA782 /* Podspec Metadata */ = {
			isa = PBXGroup;
			children = (
				635FFEFC7FF3FAA4E9310293 /* Chaos.podspec */,
				F4BBFE02143DA114020C760A /* LICENSE */,
			);
			name = "Podspec Metadata";
			sourceTree = "<group>";
		};
		6821477C255D574F00501FD3 /* UI */ = {
			isa = PBXGroup;
			children = (
				68214780255D577C00501FD3 /* UIAppSetupViewController.swift */,
				68C6735A2574E8670040FCFF /* UITestViewController.swift */,
			);
			path = UI;
			sourceTree = "<group>";
		};
		68214818255D8DCF00501FD3 /* Meta */ = {
			isa = PBXGroup;
			children = (
				68214819255D8DE500501FD3 /* MimeTypeTests.swift */,
			);
			path = Meta;
			sourceTree = "<group>";
		};
		6826962C25CD97E700334E62 /* ChaosCoreTests */ = {
			isa = PBXGroup;
			children = (
				6826962D25CD97E700334E62 /* ChaosCoreTests.swift */,
				6826962F25CD97E700334E62 /* Info.plist */,
			);
			path = ChaosCoreTests;
			sourceTree = "<group>";
		};
		683A0B6F2541EAB400705836 /* PropertyWrappers */ = {
			isa = PBXGroup;
			children = (
				683A0B702541EAB400705836 /* PlistTest.swift */,
			);
			path = PropertyWrappers;
			sourceTree = "<group>";
		};
		683A0C4625422A5600705836 /* ChaosCore */ = {
			isa = PBXGroup;
			children = (
				68B1671725CBFB4700F9AF02 /* Dependency */,
				68B1671525CBFB4700F9AF02 /* Extensions */,
				68B1671325CBFB4700F9AF02 /* Task */,
			);
			path = ChaosCore;
			sourceTree = "<group>";
		};
		684CCBCE25505B0A00CD0355 /* ChaosNet */ = {
			isa = PBXGroup;
			children = (
				68214818255D8DCF00501FD3 /* Meta */,
			);
			path = ChaosNet;
			sourceTree = "<group>";
		};
		684ECDD8253E02B200DA04D5 /* Timeline */ = {
			isa = PBXGroup;
			children = (
				684ECDD9253E02CE00DA04D5 /* UITimelineViewTest.swift */,
			);
			path = Timeline;
			sourceTree = "<group>";
		};
		684ECDDF253E02DE00DA04D5 /* ChaosUi */ = {
			isa = PBXGroup;
			children = (
				684ECDD8253E02B200DA04D5 /* Timeline */,
			);
			path = ChaosUi;
			sourceTree = "<group>";
		};
		684ECDE0253E02E900DA04D5 /* ChaosKit */ = {
			isa = PBXGroup;
			children = (
				683A0B6F2541EAB400705836 /* PropertyWrappers */,
				684ECDE8253E041B00DA04D5 /* Resources */,
				684ECDE1253E02F200DA04D5 /* Environment */,
			);
			path = ChaosKit;
			sourceTree = "<group>";
		};
		684ECDE1253E02F200DA04D5 /* Environment */ = {
			isa = PBXGroup;
			children = (
				684ECDE2253E031000DA04D5 /* EnvironmentManagerTest.swift */,
			);
			path = Environment;
			sourceTree = "<group>";
		};
		684ECDE8253E041B00DA04D5 /* Resources */ = {
			isa = PBXGroup;
			children = (
				684ECE29253ED6BD00DA04D5 /* Environment */,
			);
			path = Resources;
			sourceTree = "<group>";
		};
		684ECE29253ED6BD00DA04D5 /* Environment */ = {
			isa = PBXGroup;
			children = (
				683C58302541DABF004CEA07 /* missing-fields.plist */,
				683C583E2541DB8D004CEA07 /* multiple-environments.plist */,
				683C581B2541D94B004CEA07 /* single-environment.plist */,
			);
			path = Environment;
			sourceTree = "<group>";
		};
		68B1671325CBFB4700F9AF02 /* Task */ = {
			isa = PBXGroup;
			children = (
				68B1671425CBFB4700F9AF02 /* TaskRunnerTests.swift */,
			);
			path = Task;
			sourceTree = "<group>";
		};
		68B1671525CBFB4700F9AF02 /* Extensions */ = {
			isa = PBXGroup;
			children = (
				68B1671625CBFB4700F9AF02 /* String.swift */,
			);
			path = Extensions;
			sourceTree = "<group>";
		};
		68B1671725CBFB4700F9AF02 /* Dependency */ = {
			isa = PBXGroup;
			children = (
				68B1671825CBFB4700F9AF02 /* DependencyResolverTests.swift */,
			);
			path = Dependency;
			sourceTree = "<group>";
		};
		7A145E401A1E9585C691299C /* Pods */ = {
			isa = PBXGroup;
			children = (
				12175E6805309BD4FA36768A /* Pods-Chaos_Example.debug.xcconfig */,
				E84B7DE021A147BC801FF97A /* Pods-Chaos_Example.release.xcconfig */,
				1C460315E3D0C22CFAE7C975 /* Pods-Chaos_Example-Chaos_Tests.debug.xcconfig */,
				EBD62E7CDFAD6219C1026CFE /* Pods-Chaos_Example-Chaos_Tests.release.xcconfig */,
			);
			path = Pods;
			sourceTree = "<group>";
		};
		C018ED653E1CC98D0DC644FC /* Frameworks */ = {
			isa = PBXGroup;
			children = (
				6826964225CD9A8900334E62 /* ChaosCore.framework */,
				68B982EB258BD1F700C583E2 /* Chaos.framework */,
				5047144D23B39F8791F0EBB0 /* Pods_Chaos_Example.framework */,
				0C74F28DE98EFEDF25CF9831 /* Pods_Chaos_Example_Chaos_Tests.framework */,
			);
			name = Frameworks;
			sourceTree = "<group>";
		};
/* End PBXGroup section */

/* Begin PBXNativeTarget section */
		607FACCF1AFB9204008FA782 /* Chaos_Example */ = {
			isa = PBXNativeTarget;
			buildConfigurationList = 607FACEF1AFB9204008FA782 /* Build configuration list for PBXNativeTarget "Chaos_Example" */;
			buildPhases = (
				5F09DB5E7EBC1BC177330867 /* [CP] Check Pods Manifest.lock */,
				607FACCC1AFB9204008FA782 /* Sources */,
				607FACCD1AFB9204008FA782 /* Frameworks */,
				607FACCE1AFB9204008FA782 /* Resources */,
				1AFC53D791E0CE187251E39F /* [CP] Embed Pods Frameworks */,
			);
			buildRules = (
			);
			dependencies = (
			);
			name = Chaos_Example;
			productName = Chaos;
			productReference = 607FACD01AFB9204008FA782 /* Chaos_Example.app */;
			productType = "com.apple.product-type.application";
		};
		607FACE41AFB9204008FA782 /* Chaos_Tests */ = {
			isa = PBXNativeTarget;
			buildConfigurationList = 607FACF21AFB9204008FA782 /* Build configuration list for PBXNativeTarget "Chaos_Tests" */;
			buildPhases = (
				2ECC9B4E9DABA4B3B8446C94 /* [CP] Check Pods Manifest.lock */,
				607FACE11AFB9204008FA782 /* Sources */,
				607FACE21AFB9204008FA782 /* Frameworks */,
				607FACE31AFB9204008FA782 /* Resources */,
				BF0B14F9FE1B9AEE126018A3 /* [CP] Embed Pods Frameworks */,
			);
			buildRules = (
			);
			dependencies = (
				607FACE71AFB9204008FA782 /* PBXTargetDependency */,
			);
			name = Chaos_Tests;
			productName = Tests;
			productReference = 607FACE51AFB9204008FA782 /* Chaos_Tests.xctest */;
			productType = "com.apple.product-type.bundle.unit-test";
		};
/* End PBXNativeTarget section */

/* Begin PBXProject section */
		607FACC81AFB9204008FA782 /* Project object */ = {
			isa = PBXProject;
			attributes = {
				LastSwiftUpdateCheck = 1240;
				LastUpgradeCheck = 1220;
				ORGANIZATIONNAME = CocoaPods;
				TargetAttributes = {
					607FACCF1AFB9204008FA782 = {
						CreatedOnToolsVersion = 6.3.1;
						DevelopmentTeam = UMGV2FGNL8;
						LastSwiftMigration = 0900;
					};
					607FACE41AFB9204008FA782 = {
						CreatedOnToolsVersion = 6.3.1;
						DevelopmentTeam = UMGV2FGNL8;
						LastSwiftMigration = 0900;
						TestTargetID = 607FACCF1AFB9204008FA782;
					};
				};
			};
			buildConfigurationList = 607FACCB1AFB9204008FA782 /* Build configuration list for PBXProject "Chaos" */;
			compatibilityVersion = "Xcode 3.2";
			developmentRegion = en;
			hasScannedForEncodings = 0;
			knownRegions = (
				en,
				Base,
			);
			mainGroup = 607FACC71AFB9204008FA782;
			productRefGroup = 607FACD11AFB9204008FA782 /* Products */;
			projectDirPath = "";
			projectRoot = "";
			targets = (
				607FACCF1AFB9204008FA782 /* Chaos_Example */,
				607FACE41AFB9204008FA782 /* Chaos_Tests */,
			);
		};
/* End PBXProject section */

/* Begin PBXResourcesBuildPhase section */
		607FACCE1AFB9204008FA782 /* Resources */ = {
			isa = PBXResourcesBuildPhase;
			buildActionMask = 2147483647;
			files = (
				607FACDB1AFB9204008FA782 /* Main.storyboard in Resources */,
				607FACE01AFB9204008FA782 /* LaunchScreen.xib in Resources */,
				607FACDD1AFB9204008FA782 /* Images.xcassets in Resources */,
			);
			runOnlyForDeploymentPostprocessing = 0;
		};
		607FACE31AFB9204008FA782 /* Resources */ = {
			isa = PBXResourcesBuildPhase;
			buildActionMask = 2147483647;
			files = (
				683C583F2541DB8E004CEA07 /* multiple-environments.plist in Resources */,
				683C581C2541D94B004CEA07 /* single-environment.plist in Resources */,
				683C58312541DABF004CEA07 /* missing-fields.plist in Resources */,
			);
			runOnlyForDeploymentPostprocessing = 0;
		};
/* End PBXResourcesBuildPhase section */

/* Begin PBXShellScriptBuildPhase section */
		1AFC53D791E0CE187251E39F /* [CP] Embed Pods Frameworks */ = {
			isa = PBXShellScriptBuildPhase;
			buildActionMask = 2147483647;
			files = (
			);
			inputPaths = (
				"${PODS_ROOT}/Target Support Files/Pods-Chaos_Example/Pods-Chaos_Example-frameworks.sh",
				"${BUILT_PRODUCTS_DIR}/ChaosCore/ChaosCore.framework",
				"${BUILT_PRODUCTS_DIR}/ChaosGraphics/ChaosGraphics.framework",
				"${BUILT_PRODUCTS_DIR}/ChaosKit/ChaosKit.framework",
				"${BUILT_PRODUCTS_DIR}/ChaosNet/ChaosNet.framework",
				"${BUILT_PRODUCTS_DIR}/ChaosUi/ChaosUi.framework",
				"${BUILT_PRODUCTS_DIR}/Hippolyte/Hippolyte.framework",
				"${BUILT_PRODUCTS_DIR}/PromisesObjC/FBLPromises.framework",
				"${BUILT_PRODUCTS_DIR}/PromisesSwift/Promises.framework",
			);
			name = "[CP] Embed Pods Frameworks";
			outputPaths = (
				"${TARGET_BUILD_DIR}/${FRAMEWORKS_FOLDER_PATH}/ChaosCore.framework",
				"${TARGET_BUILD_DIR}/${FRAMEWORKS_FOLDER_PATH}/ChaosGraphics.framework",
				"${TARGET_BUILD_DIR}/${FRAMEWORKS_FOLDER_PATH}/ChaosKit.framework",
				"${TARGET_BUILD_DIR}/${FRAMEWORKS_FOLDER_PATH}/ChaosNet.framework",
				"${TARGET_BUILD_DIR}/${FRAMEWORKS_FOLDER_PATH}/ChaosUi.framework",
				"${TARGET_BUILD_DIR}/${FRAMEWORKS_FOLDER_PATH}/Hippolyte.framework",
				"${TARGET_BUILD_DIR}/${FRAMEWORKS_FOLDER_PATH}/FBLPromises.framework",
				"${TARGET_BUILD_DIR}/${FRAMEWORKS_FOLDER_PATH}/Promises.framework",
			);
			runOnlyForDeploymentPostprocessing = 0;
			shellPath = /bin/sh;
			shellScript = "\"${PODS_ROOT}/Target Support Files/Pods-Chaos_Example/Pods-Chaos_Example-frameworks.sh\"\n";
			showEnvVarsInLog = 0;
		};
		2ECC9B4E9DABA4B3B8446C94 /* [CP] Check Pods Manifest.lock */ = {
			isa = PBXShellScriptBuildPhase;
			buildActionMask = 2147483647;
			files = (
			);
			inputFileListPaths = (
			);
			inputPaths = (
				"${PODS_PODFILE_DIR_PATH}/Podfile.lock",
				"${PODS_ROOT}/Manifest.lock",
			);
			name = "[CP] Check Pods Manifest.lock";
			outputFileListPaths = (
			);
			outputPaths = (
				"$(DERIVED_FILE_DIR)/Pods-Chaos_Example-Chaos_Tests-checkManifestLockResult.txt",
			);
			runOnlyForDeploymentPostprocessing = 0;
			shellPath = /bin/sh;
			shellScript = "diff \"${PODS_PODFILE_DIR_PATH}/Podfile.lock\" \"${PODS_ROOT}/Manifest.lock\" > /dev/null\nif [ $? != 0 ] ; then\n    # print error to STDERR\n    echo \"error: The sandbox is not in sync with the Podfile.lock. Run 'pod install' or update your CocoaPods installation.\" >&2\n    exit 1\nfi\n# This output is used by Xcode 'outputs' to avoid re-running this script phase.\necho \"SUCCESS\" > \"${SCRIPT_OUTPUT_FILE_0}\"\n";
			showEnvVarsInLog = 0;
		};
		5F09DB5E7EBC1BC177330867 /* [CP] Check Pods Manifest.lock */ = {
			isa = PBXShellScriptBuildPhase;
			buildActionMask = 2147483647;
			files = (
			);
			inputFileListPaths = (
			);
			inputPaths = (
				"${PODS_PODFILE_DIR_PATH}/Podfile.lock",
				"${PODS_ROOT}/Manifest.lock",
			);
			name = "[CP] Check Pods Manifest.lock";
			outputFileListPaths = (
			);
			outputPaths = (
				"$(DERIVED_FILE_DIR)/Pods-Chaos_Example-checkManifestLockResult.txt",
			);
			runOnlyForDeploymentPostprocessing = 0;
			shellPath = /bin/sh;
			shellScript = "diff \"${PODS_PODFILE_DIR_PATH}/Podfile.lock\" \"${PODS_ROOT}/Manifest.lock\" > /dev/null\nif [ $? != 0 ] ; then\n    # print error to STDERR\n    echo \"error: The sandbox is not in sync with the Podfile.lock. Run 'pod install' or update your CocoaPods installation.\" >&2\n    exit 1\nfi\n# This output is used by Xcode 'outputs' to avoid re-running this script phase.\necho \"SUCCESS\" > \"${SCRIPT_OUTPUT_FILE_0}\"\n";
			showEnvVarsInLog = 0;
		};
		BF0B14F9FE1B9AEE126018A3 /* [CP] Embed Pods Frameworks */ = {
			isa = PBXShellScriptBuildPhase;
			buildActionMask = 2147483647;
			files = (
			);
			inputPaths = (
				"${PODS_ROOT}/Target Support Files/Pods-Chaos_Example-Chaos_Tests/Pods-Chaos_Example-Chaos_Tests-frameworks.sh",
				"${BUILT_PRODUCTS_DIR}/ChaosCore/ChaosCore.framework",
				"${BUILT_PRODUCTS_DIR}/ChaosGraphics/ChaosGraphics.framework",
				"${BUILT_PRODUCTS_DIR}/ChaosKit/ChaosKit.framework",
				"${BUILT_PRODUCTS_DIR}/ChaosNet/ChaosNet.framework",
				"${BUILT_PRODUCTS_DIR}/ChaosUi/ChaosUi.framework",
				"${BUILT_PRODUCTS_DIR}/Hippolyte/Hippolyte.framework",
				"${BUILT_PRODUCTS_DIR}/PromisesObjC/FBLPromises.framework",
				"${BUILT_PRODUCTS_DIR}/PromisesSwift/Promises.framework",
			);
			name = "[CP] Embed Pods Frameworks";
			outputPaths = (
				"${TARGET_BUILD_DIR}/${FRAMEWORKS_FOLDER_PATH}/ChaosCore.framework",
				"${TARGET_BUILD_DIR}/${FRAMEWORKS_FOLDER_PATH}/ChaosGraphics.framework",
				"${TARGET_BUILD_DIR}/${FRAMEWORKS_FOLDER_PATH}/ChaosKit.framework",
				"${TARGET_BUILD_DIR}/${FRAMEWORKS_FOLDER_PATH}/ChaosNet.framework",
				"${TARGET_BUILD_DIR}/${FRAMEWORKS_FOLDER_PATH}/ChaosUi.framework",
				"${TARGET_BUILD_DIR}/${FRAMEWORKS_FOLDER_PATH}/Hippolyte.framework",
				"${TARGET_BUILD_DIR}/${FRAMEWORKS_FOLDER_PATH}/FBLPromises.framework",
				"${TARGET_BUILD_DIR}/${FRAMEWORKS_FOLDER_PATH}/Promises.framework",
			);
			runOnlyForDeploymentPostprocessing = 0;
			shellPath = /bin/sh;
			shellScript = "\"${PODS_ROOT}/Target Support Files/Pods-Chaos_Example-Chaos_Tests/Pods-Chaos_Example-Chaos_Tests-frameworks.sh\"\n";
			showEnvVarsInLog = 0;
		};
/* End PBXShellScriptBuildPhase section */

/* Begin PBXSourcesBuildPhase section */
		607FACCC1AFB9204008FA782 /* Sources */ = {
			isa = PBXSourcesBuildPhase;
			buildActionMask = 2147483647;
			files = (
				68C6735B2574E8670040FCFF /* UITestViewController.swift in Sources */,
				68214781255D577C00501FD3 /* UIAppSetupViewController.swift in Sources */,
				607FACD61AFB9204008FA782 /* AppDelegate.swift in Sources */,
			);
			runOnlyForDeploymentPostprocessing = 0;
		};
		607FACE11AFB9204008FA782 /* Sources */ = {
			isa = PBXSourcesBuildPhase;
			buildActionMask = 2147483647;
			files = (
				684ECDDA253E02CE00DA04D5 /* UITimelineViewTest.swift in Sources */,
				6821481A255D8DE500501FD3 /* MimeTypeTests.swift in Sources */,
				68B1672F25CBFBB000F9AF02 /* DependencyResolverTests.swift in Sources */,
				684ECDE3253E031000DA04D5 /* EnvironmentManagerTest.swift in Sources */,
				68B1673725CBFBBB00F9AF02 /* String.swift in Sources */,
				68B1673225CBFBB800F9AF02 /* TaskRunnerTests.swift in Sources */,
				683A0B782541EB0400705836 /* PlistTest.swift in Sources */,
			);
			runOnlyForDeploymentPostprocessing = 0;
		};
/* End PBXSourcesBuildPhase section */

/* Begin PBXTargetDependency section */
		607FACE71AFB9204008FA782 /* PBXTargetDependency */ = {
			isa = PBXTargetDependency;
			target = 607FACCF1AFB9204008FA782 /* Chaos_Example */;
			targetProxy = 607FACE61AFB9204008FA782 /* PBXContainerItemProxy */;
		};
/* End PBXTargetDependency section */

/* Begin PBXVariantGroup section */
		607FACD91AFB9204008FA782 /* Main.storyboard */ = {
			isa = PBXVariantGroup;
			children = (
				607FACDA1AFB9204008FA782 /* Base */,
			);
			name = Main.storyboard;
			sourceTree = "<group>";
		};
		607FACDE1AFB9204008FA782 /* LaunchScreen.xib */ = {
			isa = PBXVariantGroup;
			children = (
				607FACDF1AFB9204008FA782 /* Base */,
			);
			name = LaunchScreen.xib;
			sourceTree = "<group>";
		};
/* End PBXVariantGroup section */

/* Begin XCBuildConfiguration section */
		607FACED1AFB9204008FA782 /* Debug */ = {
			isa = XCBuildConfiguration;
			buildSettings = {
				ALWAYS_SEARCH_USER_PATHS = NO;
				CLANG_ANALYZER_LOCALIZABILITY_NONLOCALIZED = YES;
				CLANG_CXX_LANGUAGE_STANDARD = "gnu++0x";
				CLANG_CXX_LIBRARY = "libc++";
				CLANG_ENABLE_MODULES = YES;
				CLANG_ENABLE_OBJC_ARC = YES;
				CLANG_WARN_BLOCK_CAPTURE_AUTORELEASING = YES;
				CLANG_WARN_BOOL_CONVERSION = YES;
				CLANG_WARN_COMMA = YES;
				CLANG_WARN_CONSTANT_CONVERSION = YES;
				CLANG_WARN_DEPRECATED_OBJC_IMPLEMENTATIONS = YES;
				CLANG_WARN_DIRECT_OBJC_ISA_USAGE = YES_ERROR;
				CLANG_WARN_EMPTY_BODY = YES;
				CLANG_WARN_ENUM_CONVERSION = YES;
				CLANG_WARN_INFINITE_RECURSION = YES;
				CLANG_WARN_INT_CONVERSION = YES;
				CLANG_WARN_NON_LITERAL_NULL_CONVERSION = YES;
				CLANG_WARN_OBJC_IMPLICIT_RETAIN_SELF = YES;
				CLANG_WARN_OBJC_LITERAL_CONVERSION = YES;
				CLANG_WARN_OBJC_ROOT_CLASS = YES_ERROR;
				CLANG_WARN_QUOTED_INCLUDE_IN_FRAMEWORK_HEADER = YES;
				CLANG_WARN_RANGE_LOOP_ANALYSIS = YES;
				CLANG_WARN_STRICT_PROTOTYPES = YES;
				CLANG_WARN_SUSPICIOUS_MOVE = YES;
				CLANG_WARN_UNREACHABLE_CODE = YES;
				CLANG_WARN__DUPLICATE_METHOD_MATCH = YES;
				"CODE_SIGN_IDENTITY[sdk=iphoneos*]" = "iPhone Developer";
				COPY_PHASE_STRIP = NO;
				DEBUG_INFORMATION_FORMAT = "dwarf-with-dsym";
				ENABLE_STRICT_OBJC_MSGSEND = YES;
				ENABLE_TESTABILITY = YES;
				GCC_C_LANGUAGE_STANDARD = gnu99;
				GCC_DYNAMIC_NO_PIC = NO;
				GCC_NO_COMMON_BLOCKS = YES;
				GCC_OPTIMIZATION_LEVEL = 0;
				GCC_PREPROCESSOR_DEFINITIONS = (
					"DEBUG=1",
					"$(inherited)",
				);
				GCC_SYMBOLS_PRIVATE_EXTERN = NO;
				GCC_WARN_64_TO_32_BIT_CONVERSION = YES;
				GCC_WARN_ABOUT_RETURN_TYPE = YES_ERROR;
				GCC_WARN_UNDECLARED_SELECTOR = YES;
				GCC_WARN_UNINITIALIZED_AUTOS = YES_AGGRESSIVE;
				GCC_WARN_UNUSED_FUNCTION = YES;
				GCC_WARN_UNUSED_VARIABLE = YES;
				IPHONEOS_DEPLOYMENT_TARGET = 12.0;
				MTL_ENABLE_DEBUG_INFO = YES;
				ONLY_ACTIVE_ARCH = YES;
				SDKROOT = iphoneos;
				SWIFT_OPTIMIZATION_LEVEL = "-Onone";
			};
			name = Debug;
		};
		607FACEE1AFB9204008FA782 /* Release */ = {
			isa = XCBuildConfiguration;
			buildSettings = {
				ALWAYS_SEARCH_USER_PATHS = NO;
				CLANG_ANALYZER_LOCALIZABILITY_NONLOCALIZED = YES;
				CLANG_CXX_LANGUAGE_STANDARD = "gnu++0x";
				CLANG_CXX_LIBRARY = "libc++";
				CLANG_ENABLE_MODULES = YES;
				CLANG_ENABLE_OBJC_ARC = YES;
				CLANG_WARN_BLOCK_CAPTURE_AUTORELEASING = YES;
				CLANG_WARN_BOOL_CONVERSION = YES;
				CLANG_WARN_COMMA = YES;
				CLANG_WARN_CONSTANT_CONVERSION = YES;
				CLANG_WARN_DEPRECATED_OBJC_IMPLEMENTATIONS = YES;
				CLANG_WARN_DIRECT_OBJC_ISA_USAGE = YES_ERROR;
				CLANG_WARN_EMPTY_BODY = YES;
				CLANG_WARN_ENUM_CONVERSION = YES;
				CLANG_WARN_INFINITE_RECURSION = YES;
				CLANG_WARN_INT_CONVERSION = YES;
				CLANG_WARN_NON_LITERAL_NULL_CONVERSION = YES;
				CLANG_WARN_OBJC_IMPLICIT_RETAIN_SELF = YES;
				CLANG_WARN_OBJC_LITERAL_CONVERSION = YES;
				CLANG_WARN_OBJC_ROOT_CLASS = YES_ERROR;
				CLANG_WARN_QUOTED_INCLUDE_IN_FRAMEWORK_HEADER = YES;
				CLANG_WARN_RANGE_LOOP_ANALYSIS = YES;
				CLANG_WARN_STRICT_PROTOTYPES = YES;
				CLANG_WARN_SUSPICIOUS_MOVE = YES;
				CLANG_WARN_UNREACHABLE_CODE = YES;
				CLANG_WARN__DUPLICATE_METHOD_MATCH = YES;
				"CODE_SIGN_IDENTITY[sdk=iphoneos*]" = "iPhone Developer";
				COPY_PHASE_STRIP = NO;
				DEBUG_INFORMATION_FORMAT = "dwarf-with-dsym";
				ENABLE_NS_ASSERTIONS = NO;
				ENABLE_STRICT_OBJC_MSGSEND = YES;
				GCC_C_LANGUAGE_STANDARD = gnu99;
				GCC_NO_COMMON_BLOCKS = YES;
				GCC_WARN_64_TO_32_BIT_CONVERSION = YES;
				GCC_WARN_ABOUT_RETURN_TYPE = YES_ERROR;
				GCC_WARN_UNDECLARED_SELECTOR = YES;
				GCC_WARN_UNINITIALIZED_AUTOS = YES_AGGRESSIVE;
				GCC_WARN_UNUSED_FUNCTION = YES;
				GCC_WARN_UNUSED_VARIABLE = YES;
				IPHONEOS_DEPLOYMENT_TARGET = 12.0;
				MTL_ENABLE_DEBUG_INFO = NO;
				SDKROOT = iphoneos;
				SWIFT_OPTIMIZATION_LEVEL = "-Owholemodule";
				VALIDATE_PRODUCT = YES;
			};
			name = Release;
		};
		607FACF01AFB9204008FA782 /* Debug */ = {
			isa = XCBuildConfiguration;
			baseConfigurationReference = 12175E6805309BD4FA36768A /* Pods-Chaos_Example.debug.xcconfig */;
			buildSettings = {
				ASSETCATALOG_COMPILER_APPICON_NAME = AppIcon;
				DEVELOPMENT_TEAM = UMGV2FGNL8;
				INFOPLIST_FILE = Chaos/Info.plist;
				LD_RUNPATH_SEARCH_PATHS = "$(inherited) @executable_path/Frameworks";
				MODULE_NAME = ExampleApp;
				PRODUCT_BUNDLE_IDENTIFIER = "org.cocoapods.demo.$(PRODUCT_NAME:rfc1034identifier)";
				PRODUCT_NAME = "$(TARGET_NAME)";
				SWIFT_SWIFT3_OBJC_INFERENCE = Default;
				SWIFT_VERSION = 4.0;
			};
			name = Debug;
		};
		607FACF11AFB9204008FA782 /* Release */ = {
			isa = XCBuildConfiguration;
			baseConfigurationReference = E84B7DE021A147BC801FF97A /* Pods-Chaos_Example.release.xcconfig */;
			buildSettings = {
				ASSETCATALOG_COMPILER_APPICON_NAME = AppIcon;
				DEVELOPMENT_TEAM = UMGV2FGNL8;
				INFOPLIST_FILE = Chaos/Info.plist;
				LD_RUNPATH_SEARCH_PATHS = "$(inherited) @executable_path/Frameworks";
				MODULE_NAME = ExampleApp;
				PRODUCT_BUNDLE_IDENTIFIER = "org.cocoapods.demo.$(PRODUCT_NAME:rfc1034identifier)";
				PRODUCT_NAME = "$(TARGET_NAME)";
				SWIFT_SWIFT3_OBJC_INFERENCE = Default;
				SWIFT_VERSION = 4.0;
			};
			name = Release;
		};
		607FACF31AFB9204008FA782 /* Debug */ = {
			isa = XCBuildConfiguration;
			baseConfigurationReference = 1C460315E3D0C22CFAE7C975 /* Pods-Chaos_Example-Chaos_Tests.debug.xcconfig */;
			buildSettings = {
				DEVELOPMENT_TEAM = UMGV2FGNL8;
				FRAMEWORK_SEARCH_PATHS = (
					"$(PLATFORM_DIR)/Developer/Library/Frameworks",
					"$(inherited)",
				);
				GCC_PREPROCESSOR_DEFINITIONS = (
					"DEBUG=1",
					"$(inherited)",
				);
				INFOPLIST_FILE = Tests/Info.plist;
				LD_RUNPATH_SEARCH_PATHS = "$(inherited) @executable_path/Frameworks @loader_path/Frameworks";
				PRODUCT_BUNDLE_IDENTIFIER = "org.cocoapods.$(PRODUCT_NAME:rfc1034identifier)";
				PRODUCT_NAME = "$(TARGET_NAME)";
				SWIFT_SWIFT3_OBJC_INFERENCE = Default;
				SWIFT_VERSION = 4.0;
				TEST_HOST = "$(BUILT_PRODUCTS_DIR)/Chaos_Example.app/Chaos_Example";
			};
			name = Debug;
		};
		607FACF41AFB9204008FA782 /* Release */ = {
			isa = XCBuildConfiguration;
			baseConfigurationReference = EBD62E7CDFAD6219C1026CFE /* Pods-Chaos_Example-Chaos_Tests.release.xcconfig */;
			buildSettings = {
				DEVELOPMENT_TEAM = UMGV2FGNL8;
				FRAMEWORK_SEARCH_PATHS = (
					"$(PLATFORM_DIR)/Developer/Library/Frameworks",
					"$(inherited)",
				);
				INFOPLIST_FILE = Tests/Info.plist;
				LD_RUNPATH_SEARCH_PATHS = "$(inherited) @executable_path/Frameworks @loader_path/Frameworks";
				PRODUCT_BUNDLE_IDENTIFIER = "org.cocoapods.$(PRODUCT_NAME:rfc1034identifier)";
				PRODUCT_NAME = "$(TARGET_NAME)";
				SWIFT_SWIFT3_OBJC_INFERENCE = Default;
				SWIFT_VERSION = 4.0;
				TEST_HOST = "$(BUILT_PRODUCTS_DIR)/Chaos_Example.app/Chaos_Example";
			};
			name = Release;
		};
/* End XCBuildConfiguration section */

/* Begin XCConfigurationList section */
		607FACCB1AFB9204008FA782 /* Build configuration list for PBXProject "Chaos" */ = {
			isa = XCConfigurationList;
			buildConfigurations = (
				607FACED1AFB9204008FA782 /* Debug */,
				607FACEE1AFB9204008FA782 /* Release */,
			);
			defaultConfigurationIsVisible = 0;
			defaultConfigurationName = Release;
		};
		607FACEF1AFB9204008FA782 /* Build configuration list for PBXNativeTarget "Chaos_Example" */ = {
			isa = XCConfigurationList;
			buildConfigurations = (
				607FACF01AFB9204008FA782 /* Debug */,
				607FACF11AFB9204008FA782 /* Release */,
			);
			defaultConfigurationIsVisible = 0;
			defaultConfigurationName = Release;
		};
		607FACF21AFB9204008FA782 /* Build configuration list for PBXNativeTarget "Chaos_Tests" */ = {
			isa = XCConfigurationList;
			buildConfigurations = (
				607FACF31AFB9204008FA782 /* Debug */,
				607FACF41AFB9204008FA782 /* Release */,
			);
			defaultConfigurationIsVisible = 0;
			defaultConfigurationName = Release;
		};
/* End XCConfigurationList section */
	};
	rootObject = 607FACC81AFB9204008FA782 /* Project object */;
}
